// !$*UTF8*$!
{
	archiveVersion = 1;
	classes = {
	};
	objectVersion = 48;
	objects = {

/* Begin PBXBuildFile section */
		002EFCA539A547724DCB5C51 /* libPods-Vae_ManagerTools.a in Frameworks */ = {isa = PBXBuildFile; fileRef = 7B54F9A191D0A7BB6392E57A /* libPods-Vae_ManagerTools.a */; };
		3F0544572046923F00F2C255 /* ALiProgressHUD.m in Sources */ = {isa = PBXBuildFile; fileRef = 3F0544102046923E00F2C255 /* ALiProgressHUD.m */; };
		3F0544582046923F00F2C255 /* emj@2x.png in Resources */ = {isa = PBXBuildFile; fileRef = 3F0544122046923E00F2C255 /* emj@2x.png */; };
		3F0544592046923F00F2C255 /* emj@3x.png in Resources */ = {isa = PBXBuildFile; fileRef = 3F0544132046923E00F2C255 /* emj@3x.png */; };
		3F05445A2046923F00F2C255 /* HUD_error@2x.png in Resources */ = {isa = PBXBuildFile; fileRef = 3F0544142046923E00F2C255 /* HUD_error@2x.png */; };
		3F05445B2046923F00F2C255 /* HUD_error@3x.png in Resources */ = {isa = PBXBuildFile; fileRef = 3F0544152046923E00F2C255 /* HUD_error@3x.png */; };
		3F05445C2046923F00F2C255 /* HUD_info@2x.png in Resources */ = {isa = PBXBuildFile; fileRef = 3F0544162046923E00F2C255 /* HUD_info@2x.png */; };
		3F05445D2046923F00F2C255 /* HUD_info@3x.png in Resources */ = {isa = PBXBuildFile; fileRef = 3F0544172046923E00F2C255 /* HUD_info@3x.png */; };
		3F05445E2046923F00F2C255 /* HUD_success@2x.png in Resources */ = {isa = PBXBuildFile; fileRef = 3F0544182046923E00F2C255 /* HUD_success@2x.png */; };
		3F05445F2046923F00F2C255 /* HUD_success@3x.png in Resources */ = {isa = PBXBuildFile; fileRef = 3F0544192046923E00F2C255 /* HUD_success@3x.png */; };
		3F0544602046923F00F2C255 /* NSObject+ALiHUD.m in Sources */ = {isa = PBXBuildFile; fileRef = 3F05441B2046923E00F2C255 /* NSObject+ALiHUD.m */; };
		3F0544612046923F00F2C255 /* libmp3lame.a in Frameworks */ = {isa = PBXBuildFile; fileRef = 3F05441E2046923E00F2C255 /* libmp3lame.a */; };
		3F0544622046923F00F2C255 /* LVRecordTool.m in Sources */ = {isa = PBXBuildFile; fileRef = 3F0544202046923E00F2C255 /* LVRecordTool.m */; };
		3F0544632046923F00F2C255 /* MultyRecordTool.m in Sources */ = {isa = PBXBuildFile; fileRef = 3F0544222046923E00F2C255 /* MultyRecordTool.m */; };
		3F0544642046923F00F2C255 /* PlayRecordSpectrumView.m in Sources */ = {isa = PBXBuildFile; fileRef = 3F0544242046923F00F2C255 /* PlayRecordSpectrumView.m */; };
		3F0544652046923F00F2C255 /* SpectrumView.m in Sources */ = {isa = PBXBuildFile; fileRef = 3F0544262046923F00F2C255 /* SpectrumView.m */; };
		3F0544662046923F00F2C255 /* XHSoundRecorder.m in Sources */ = {isa = PBXBuildFile; fileRef = 3F0544282046923F00F2C255 /* XHSoundRecorder.m */; };
		3F0544672046923F00F2C255 /* DOUAudioAnalyzer+Default.m in Sources */ = {isa = PBXBuildFile; fileRef = 3F05442B2046923F00F2C255 /* DOUAudioAnalyzer+Default.m */; };
		3F0544682046923F00F2C255 /* DOUAudioAnalyzer.m in Sources */ = {isa = PBXBuildFile; fileRef = 3F05442D2046923F00F2C255 /* DOUAudioAnalyzer.m */; };
		3F0544692046923F00F2C255 /* DOUAudioDecoder.m in Sources */ = {isa = PBXBuildFile; fileRef = 3F0544312046923F00F2C255 /* DOUAudioDecoder.m */; };
		3F05446A2046923F00F2C255 /* DOUAudioEventLoop.m in Sources */ = {isa = PBXBuildFile; fileRef = 3F0544332046923F00F2C255 /* DOUAudioEventLoop.m */; };
		3F05446B2046923F00F2C255 /* DOUAudioFilePreprocessor.m in Sources */ = {isa = PBXBuildFile; fileRef = 3F0544362046923F00F2C255 /* DOUAudioFilePreprocessor.m */; };
		3F05446C2046923F00F2C255 /* DOUAudioFileProvider.m in Sources */ = {isa = PBXBuildFile; fileRef = 3F0544382046923F00F2C255 /* DOUAudioFileProvider.m */; };
		3F05446D2046923F00F2C255 /* DOUAudioFrequencyAnalyzer.m in Sources */ = {isa = PBXBuildFile; fileRef = 3F05443A2046923F00F2C255 /* DOUAudioFrequencyAnalyzer.m */; };
		3F05446E2046923F00F2C255 /* DOUAudioLPCM.m in Sources */ = {isa = PBXBuildFile; fileRef = 3F05443C2046923F00F2C255 /* DOUAudioLPCM.m */; };
		3F05446F2046923F00F2C255 /* DOUAudioPlaybackItem.m in Sources */ = {isa = PBXBuildFile; fileRef = 3F05443E2046923F00F2C255 /* DOUAudioPlaybackItem.m */; };
		3F0544702046923F00F2C255 /* DOUAudioRenderer.m in Sources */ = {isa = PBXBuildFile; fileRef = 3F0544402046923F00F2C255 /* DOUAudioRenderer.m */; };
		3F0544712046923F00F2C255 /* DOUAudioSpatialAnalyzer.m in Sources */ = {isa = PBXBuildFile; fileRef = 3F0544422046923F00F2C255 /* DOUAudioSpatialAnalyzer.m */; };
		3F0544722046923F00F2C255 /* DOUAudioStreamer+Options.m in Sources */ = {isa = PBXBuildFile; fileRef = 3F0544442046923F00F2C255 /* DOUAudioStreamer+Options.m */; };
		3F0544732046923F00F2C255 /* DOUAudioStreamer.m in Sources */ = {isa = PBXBuildFile; fileRef = 3F0544462046923F00F2C255 /* DOUAudioStreamer.m */; };
		3F0544742046923F00F2C255 /* DOUAudioVisualizer.m in Sources */ = {isa = PBXBuildFile; fileRef = 3F0544492046923F00F2C255 /* DOUAudioVisualizer.m */; };
		3F0544752046923F00F2C255 /* DOUEAGLView.m in Sources */ = {isa = PBXBuildFile; fileRef = 3F05444B2046923F00F2C255 /* DOUEAGLView.m */; };
		3F0544762046923F00F2C255 /* DOUMPMediaLibraryAssetLoader.m in Sources */ = {isa = PBXBuildFile; fileRef = 3F05444D2046923F00F2C255 /* DOUMPMediaLibraryAssetLoader.m */; };
		3F0544772046923F00F2C255 /* DOUSimpleHTTPRequest.m in Sources */ = {isa = PBXBuildFile; fileRef = 3F05444F2046923F00F2C255 /* DOUSimpleHTTPRequest.m */; };
		3F0544782046923F00F2C255 /* NSData+DOUMappedFile.m in Sources */ = {isa = PBXBuildFile; fileRef = 3F0544512046923F00F2C255 /* NSData+DOUMappedFile.m */; };
		3F0544792046923F00F2C255 /* AudioToolManager.m in Sources */ = {isa = PBXBuildFile; fileRef = 3F0544542046923F00F2C255 /* AudioToolManager.m */; };
		3F05447A2046923F00F2C255 /* Track.m in Sources */ = {isa = PBXBuildFile; fileRef = 3F0544562046923F00F2C255 /* Track.m */; };
		3F054486204693C600F2C255 /* AppInterface.m in Sources */ = {isa = PBXBuildFile; fileRef = 3F054484204693C500F2C255 /* AppInterface.m */; };
		3F4A231B1FF4D1F00055797A /* ViewController.m in Sources */ = {isa = PBXBuildFile; fileRef = 3F4A231A1FF4D1F00055797A /* ViewController.m */; };
		3F4A231E1FF4D1F00055797A /* Main.storyboard in Resources */ = {isa = PBXBuildFile; fileRef = 3F4A231C1FF4D1F00055797A /* Main.storyboard */; };
		3F4A23201FF4D1F00055797A /* Assets.xcassets in Resources */ = {isa = PBXBuildFile; fileRef = 3F4A231F1FF4D1F00055797A /* Assets.xcassets */; };
		3F4A23231FF4D1F00055797A /* LaunchScreen.storyboard in Resources */ = {isa = PBXBuildFile; fileRef = 3F4A23211FF4D1F00055797A /* LaunchScreen.storyboard */; };
		3F4A23261FF4D1F00055797A /* main.m in Sources */ = {isa = PBXBuildFile; fileRef = 3F4A23251FF4D1F00055797A /* main.m */; };
		3F4A23301FF4D1F00055797A /* Vae_ManagerToolsTests.m in Sources */ = {isa = PBXBuildFile; fileRef = 3F4A232F1FF4D1F00055797A /* Vae_ManagerToolsTests.m */; };
		3F4A233B1FF4D1F00055797A /* Vae_ManagerToolsUITests.m in Sources */ = {isa = PBXBuildFile; fileRef = 3F4A233A1FF4D1F00055797A /* Vae_ManagerToolsUITests.m */; };
		3F4A234B1FF4DB6B0055797A /* VaeAppDelegate.m in Sources */ = {isa = PBXBuildFile; fileRef = 3F4A234A1FF4DB6B0055797A /* VaeAppDelegate.m */; };
		3F4A234E1FF4DBB90055797A /* VaeAppDelegate+ConfigNavBar.m in Sources */ = {isa = PBXBuildFile; fileRef = 3F4A234D1FF4DBB90055797A /* VaeAppDelegate+ConfigNavBar.m */; };
		3F4A23531FF4DD660055797A /* VaeBaseViewController.m in Sources */ = {isa = PBXBuildFile; fileRef = 3F4A23521FF4DD660055797A /* VaeBaseViewController.m */; };
		3F4A23561FF4DDAE0055797A /* VaeNavigationController.m in Sources */ = {isa = PBXBuildFile; fileRef = 3F4A23551FF4DDAE0055797A /* VaeNavigationController.m */; };
		3F4A235A1FF4DDE50055797A /* VaeTabBarController.m in Sources */ = {isa = PBXBuildFile; fileRef = 3F4A23591FF4DDE50055797A /* VaeTabBarController.m */; };
		3F4A235D1FF4DDF40055797A /* VaeTabBar.m in Sources */ = {isa = PBXBuildFile; fileRef = 3F4A235C1FF4DDF40055797A /* VaeTabBar.m */; };
		3F4A236B1FF4E0140055797A /* KSGuaidProperty.plist in Resources */ = {isa = PBXBuildFile; fileRef = 3F4A23651FF4E0140055797A /* KSGuaidProperty.plist */; };
		3F4A236C1FF4E0140055797A /* KSGuaidViewCell.m in Sources */ = {isa = PBXBuildFile; fileRef = 3F4A23671FF4E0140055797A /* KSGuaidViewCell.m */; };
		3F4A236D1FF4E0140055797A /* KSGuaidViewController.m in Sources */ = {isa = PBXBuildFile; fileRef = 3F4A23691FF4E0140055797A /* KSGuaidViewController.m */; };
		3F4A237B1FF4E0250055797A /* LCActionSheet.m in Sources */ = {isa = PBXBuildFile; fileRef = 3F4A23701FF4E0250055797A /* LCActionSheet.m */; };
		3F4A237C1FF4E0250055797A /* LCActionSheetCell.m in Sources */ = {isa = PBXBuildFile; fileRef = 3F4A23721FF4E0250055797A /* LCActionSheetCell.m */; };
		3F4A237D1FF4E0250055797A /* LCActionSheetConfig.m in Sources */ = {isa = PBXBuildFile; fileRef = 3F4A23741FF4E0250055797A /* LCActionSheetConfig.m */; };
		3F4A237E1FF4E0250055797A /* LCActionSheetViewController.m in Sources */ = {isa = PBXBuildFile; fileRef = 3F4A23761FF4E0250055797A /* LCActionSheetViewController.m */; };
		3F4A237F1FF4E0250055797A /* UIDevice+LCActionSheet.m in Sources */ = {isa = PBXBuildFile; fileRef = 3F4A23781FF4E0250055797A /* UIDevice+LCActionSheet.m */; };
		3F4A23801FF4E0250055797A /* UIImage+LCActionSheet.m in Sources */ = {isa = PBXBuildFile; fileRef = 3F4A237A1FF4E0250055797A /* UIImage+LCActionSheet.m */; };
		3F4A23891FF4E02C0055797A /* MBProgressHUD+MJ.m in Sources */ = {isa = PBXBuildFile; fileRef = 3F4A23831FF4E02C0055797A /* MBProgressHUD+MJ.m */; };
		3F4A238A1FF4E02C0055797A /* MBProgressHUD.bundle in Resources */ = {isa = PBXBuildFile; fileRef = 3F4A23841FF4E02C0055797A /* MBProgressHUD.bundle */; };
		3F4A238B1FF4E02C0055797A /* MBProgressHUD.m in Sources */ = {isa = PBXBuildFile; fileRef = 3F4A23861FF4E02C0055797A /* MBProgressHUD.m */; };
		3F4A238C1FF4E02C0055797A /* SNLoading.m in Sources */ = {isa = PBXBuildFile; fileRef = 3F4A23881FF4E02C0055797A /* SNLoading.m */; };
		3F4A23A01FF4E0450055797A /* arrow@2x.png in Resources */ = {isa = PBXBuildFile; fileRef = 3F4A238E1FF4E0450055797A /* arrow@2x.png */; };
		3F4A23A11FF4E0450055797A /* PSBaseRefreshControl.m in Sources */ = {isa = PBXBuildFile; fileRef = 3F4A23901FF4E0450055797A /* PSBaseRefreshControl.m */; };
		3F4A23A21FF4E0450055797A /* PSGifRefreshFooter.m in Sources */ = {isa = PBXBuildFile; fileRef = 3F4A23941FF4E0450055797A /* PSGifRefreshFooter.m */; };
		3F4A23A31FF4E0450055797A /* PSNormalRefreshFooter.m in Sources */ = {isa = PBXBuildFile; fileRef = 3F4A23961FF4E0450055797A /* PSNormalRefreshFooter.m */; };
		3F4A23A41FF4E0450055797A /* PSGifRefreshHeader.m in Sources */ = {isa = PBXBuildFile; fileRef = 3F4A23991FF4E0450055797A /* PSGifRefreshHeader.m */; };
		3F4A23A51FF4E0450055797A /* PSNormalRefreshHeader.m in Sources */ = {isa = PBXBuildFile; fileRef = 3F4A239B1FF4E0450055797A /* PSNormalRefreshHeader.m */; };
		3F4A23A61FF4E0450055797A /* UIScrollView+PSRefresh.m in Sources */ = {isa = PBXBuildFile; fileRef = 3F4A239D1FF4E0450055797A /* UIScrollView+PSRefresh.m */; };
		3F4A23A71FF4E0450055797A /* UIView+PSFrame.m in Sources */ = {isa = PBXBuildFile; fileRef = 3F4A239F1FF4E0450055797A /* UIView+PSFrame.m */; };
		3F4A23AE1FF4E0710055797A /* YHWebViewProgress.m in Sources */ = {isa = PBXBuildFile; fileRef = 3F4A23AA1FF4E0700055797A /* YHWebViewProgress.m */; };
		3F4A23AF1FF4E0710055797A /* YHWebViewProgressView.m in Sources */ = {isa = PBXBuildFile; fileRef = 3F4A23AC1FF4E0700055797A /* YHWebViewProgressView.m */; };
		3F4A23B21FF4E15C0055797A /* HudCenter.m in Sources */ = {isa = PBXBuildFile; fileRef = 3F4A23B01FF4E14F0055797A /* HudCenter.m */; };
		3F4A23B51FF4E2120055797A /* VaeBaseWebViewController.m in Sources */ = {isa = PBXBuildFile; fileRef = 3F4A23B41FF4E2120055797A /* VaeBaseWebViewController.m */; };
		3F4A23B81FF4E36F0055797A /* NSObject+BaseObject.m in Sources */ = {isa = PBXBuildFile; fileRef = 3F4A23B71FF4E36F0055797A /* NSObject+BaseObject.m */; };
		3F4A23BC1FF4E4BE0055797A /* MMMaterialDesignSpinner.m in Sources */ = {isa = PBXBuildFile; fileRef = 3F4A23BB1FF4E4BE0055797A /* MMMaterialDesignSpinner.m */; };
		3F4A23C31FF4E5BE0055797A /* UIColor+Tools.m in Sources */ = {isa = PBXBuildFile; fileRef = 3F4A23BF1FF4E5BE0055797A /* UIColor+Tools.m */; };
		3F4A23C41FF4E5BE0055797A /* UIControl+recurClick.m in Sources */ = {isa = PBXBuildFile; fileRef = 3F4A23C01FF4E5BE0055797A /* UIControl+recurClick.m */; };
		3F4A23C71FF4E5D10055797A /* UINavigationController+FDFullscreenPopGesture.m in Sources */ = {isa = PBXBuildFile; fileRef = 3F4A23C61FF4E5D10055797A /* UINavigationController+FDFullscreenPopGesture.m */; };
		3F4A23CA1FF4E5E30055797A /* UIViewController+BarButton.m in Sources */ = {isa = PBXBuildFile; fileRef = 3F4A23C91FF4E5E30055797A /* UIViewController+BarButton.m */; };
		3F4A23CD1FF4E61B0055797A /* Helper.m in Sources */ = {isa = PBXBuildFile; fileRef = 3F4A23CC1FF4E61B0055797A /* Helper.m */; };
		3F4A23D01FF4E63B0055797A /* MapTool.m in Sources */ = {isa = PBXBuildFile; fileRef = 3F4A23CF1FF4E63B0055797A /* MapTool.m */; };
		3F4A23D31FF4E7390055797A /* Utils.m in Sources */ = {isa = PBXBuildFile; fileRef = 3F4A23D11FF4E7380055797A /* Utils.m */; };
		3F4A23D61FF4E7B30055797A /* Tool.m in Sources */ = {isa = PBXBuildFile; fileRef = 3F4A23D41FF4E7B20055797A /* Tool.m */; };
		3F4A23D91FF4EA3E0055797A /* VaeAppDelegate+Guaid.m in Sources */ = {isa = PBXBuildFile; fileRef = 3F4A23D81FF4EA3E0055797A /* VaeAppDelegate+Guaid.m */; };
		3F4A23E61FF4ED540055797A /* MessageViewController.m in Sources */ = {isa = PBXBuildFile; fileRef = 3F4A23E51FF4ED540055797A /* MessageViewController.m */; };
		3F4A23E91FF4ED5E0055797A /* HomeViewController.m in Sources */ = {isa = PBXBuildFile; fileRef = 3F4A23E81FF4ED5E0055797A /* HomeViewController.m */; };
		3F4A23EF1FF4ED780055797A /* MineViewController.m in Sources */ = {isa = PBXBuildFile; fileRef = 3F4A23EE1FF4ED780055797A /* MineViewController.m */; };
		3F4A23F21FF4EE050055797A /* UIBarButtonItem+Extension.m in Sources */ = {isa = PBXBuildFile; fileRef = 3F4A23F01FF4EE050055797A /* UIBarButtonItem+Extension.m */; };
		3F4A23F51FF4EED90055797A /* UIFont+Extension.m in Sources */ = {isa = PBXBuildFile; fileRef = 3F4A23F31FF4EED80055797A /* UIFont+Extension.m */; };
		3F4A23F81FF4EEFF0055797A /* SSLayerAnimation.m in Sources */ = {isa = PBXBuildFile; fileRef = 3F4A23F71FF4EEFF0055797A /* SSLayerAnimation.m */; };
		3F9FDFF1207B4CAD00D2121C /* MessageSubViewController.m in Sources */ = {isa = PBXBuildFile; fileRef = 3F9FDFF0207B4CAD00D2121C /* MessageSubViewController.m */; };
		3F9FDFF4207B4D8D00D2121C /* MessageCell.m in Sources */ = {isa = PBXBuildFile; fileRef = 3F9FDFF3207B4D8D00D2121C /* MessageCell.m */; };
		3F9FDFF7207B4DA000D2121C /* MessageModel.m in Sources */ = {isa = PBXBuildFile; fileRef = 3F9FDFF6207B4DA000D2121C /* MessageModel.m */; };
		3F9FDFFA207B4F3B00D2121C /* HorizenButton.m in Sources */ = {isa = PBXBuildFile; fileRef = 3F9FDFF9207B4F3B00D2121C /* HorizenButton.m */; };
		3F9FE000207B571500D2121C /* HomeSelectView.m in Sources */ = {isa = PBXBuildFile; fileRef = 3F9FDFFF207B571400D2121C /* HomeSelectView.m */; };
		3F9FE003207B585100D2121C /* MineOrderTopView.m in Sources */ = {isa = PBXBuildFile; fileRef = 3F9FE001207B585100D2121C /* MineOrderTopView.m */; };
		3F9FE006207B59AB00D2121C /* UIView+Extension.m in Sources */ = {isa = PBXBuildFile; fileRef = 3F9FE005207B59AB00D2121C /* UIView+Extension.m */; };
		3F9FE01B207F3E2A00D2121C /* MYHAPIRequest.m in Sources */ = {isa = PBXBuildFile; fileRef = 3F9FE017207F3E1300D2121C /* MYHAPIRequest.m */; };
		3F9FE01E207F3E8000D2121C /* SSRequest.m in Sources */ = {isa = PBXBuildFile; fileRef = 3F9FE01D207F3E7F00D2121C /* SSRequest.m */; };
/* End PBXBuildFile section */

/* Begin PBXContainerItemProxy section */
		3F4A232C1FF4D1F00055797A /* PBXContainerItemProxy */ = {
			isa = PBXContainerItemProxy;
			containerPortal = 3F4A230B1FF4D1F00055797A /* Project object */;
			proxyType = 1;
			remoteGlobalIDString = 3F4A23121FF4D1F00055797A;
			remoteInfo = Vae_ManagerTools;
		};
		3F4A23371FF4D1F00055797A /* PBXContainerItemProxy */ = {
			isa = PBXContainerItemProxy;
			containerPortal = 3F4A230B1FF4D1F00055797A /* Project object */;
			proxyType = 1;
			remoteGlobalIDString = 3F4A23121FF4D1F00055797A;
			remoteInfo = Vae_ManagerTools;
		};
/* End PBXContainerItemProxy section */

/* Begin PBXFileReference section */
		3F05440F2046923E00F2C255 /* ALiProgressHUD.h */ = {isa = PBXFileReference; fileEncoding = 4; lastKnownFileType = sourcecode.c.h; path = ALiProgressHUD.h; sourceTree = "<group>"; };
		3F0544102046923E00F2C255 /* ALiProgressHUD.m */ = {isa = PBXFileReference; fileEncoding = 4; lastKnownFileType = sourcecode.c.objc; path = ALiProgressHUD.m; sourceTree = "<group>"; };
		3F0544122046923E00F2C255 /* emj@2x.png */ = {isa = PBXFileReference; lastKnownFileType = image.png; path = "emj@2x.png"; sourceTree = "<group>"; };
		3F0544132046923E00F2C255 /* emj@3x.png */ = {isa = PBXFileReference; lastKnownFileType = image.png; path = "emj@3x.png"; sourceTree = "<group>"; };
		3F0544142046923E00F2C255 /* HUD_error@2x.png */ = {isa = PBXFileReference; lastKnownFileType = image.png; path = "HUD_error@2x.png"; sourceTree = "<group>"; };
		3F0544152046923E00F2C255 /* HUD_error@3x.png */ = {isa = PBXFileReference; lastKnownFileType = image.png; path = "HUD_error@3x.png"; sourceTree = "<group>"; };
		3F0544162046923E00F2C255 /* HUD_info@2x.png */ = {isa = PBXFileReference; lastKnownFileType = image.png; path = "HUD_info@2x.png"; sourceTree = "<group>"; };
		3F0544172046923E00F2C255 /* HUD_info@3x.png */ = {isa = PBXFileReference; lastKnownFileType = image.png; path = "HUD_info@3x.png"; sourceTree = "<group>"; };
		3F0544182046923E00F2C255 /* HUD_success@2x.png */ = {isa = PBXFileReference; lastKnownFileType = image.png; path = "HUD_success@2x.png"; sourceTree = "<group>"; };
		3F0544192046923E00F2C255 /* HUD_success@3x.png */ = {isa = PBXFileReference; lastKnownFileType = image.png; path = "HUD_success@3x.png"; sourceTree = "<group>"; };
		3F05441A2046923E00F2C255 /* NSObject+ALiHUD.h */ = {isa = PBXFileReference; fileEncoding = 4; lastKnownFileType = sourcecode.c.h; path = "NSObject+ALiHUD.h"; sourceTree = "<group>"; };
		3F05441B2046923E00F2C255 /* NSObject+ALiHUD.m */ = {isa = PBXFileReference; fileEncoding = 4; lastKnownFileType = sourcecode.c.objc; path = "NSObject+ALiHUD.m"; sourceTree = "<group>"; };
		3F05441D2046923E00F2C255 /* lame.h */ = {isa = PBXFileReference; fileEncoding = 4; lastKnownFileType = sourcecode.c.h; path = lame.h; sourceTree = "<group>"; };
		3F05441E2046923E00F2C255 /* libmp3lame.a */ = {isa = PBXFileReference; lastKnownFileType = archive.ar; path = libmp3lame.a; sourceTree = "<group>"; };
		3F05441F2046923E00F2C255 /* LVRecordTool.h */ = {isa = PBXFileReference; fileEncoding = 4; lastKnownFileType = sourcecode.c.h; path = LVRecordTool.h; sourceTree = "<group>"; };
		3F0544202046923E00F2C255 /* LVRecordTool.m */ = {isa = PBXFileReference; fileEncoding = 4; lastKnownFileType = sourcecode.c.objc; path = LVRecordTool.m; sourceTree = "<group>"; };
		3F0544212046923E00F2C255 /* MultyRecordTool.h */ = {isa = PBXFileReference; fileEncoding = 4; lastKnownFileType = sourcecode.c.h; path = MultyRecordTool.h; sourceTree = "<group>"; };
		3F0544222046923E00F2C255 /* MultyRecordTool.m */ = {isa = PBXFileReference; fileEncoding = 4; lastKnownFileType = sourcecode.c.objc; path = MultyRecordTool.m; sourceTree = "<group>"; };
		3F0544232046923F00F2C255 /* PlayRecordSpectrumView.h */ = {isa = PBXFileReference; fileEncoding = 4; lastKnownFileType = sourcecode.c.h; path = PlayRecordSpectrumView.h; sourceTree = "<group>"; };
		3F0544242046923F00F2C255 /* PlayRecordSpectrumView.m */ = {isa = PBXFileReference; fileEncoding = 4; lastKnownFileType = sourcecode.c.objc; path = PlayRecordSpectrumView.m; sourceTree = "<group>"; };
		3F0544252046923F00F2C255 /* SpectrumView.h */ = {isa = PBXFileReference; fileEncoding = 4; lastKnownFileType = sourcecode.c.h; path = SpectrumView.h; sourceTree = "<group>"; };
		3F0544262046923F00F2C255 /* SpectrumView.m */ = {isa = PBXFileReference; fileEncoding = 4; lastKnownFileType = sourcecode.c.objc; path = SpectrumView.m; sourceTree = "<group>"; };
		3F0544272046923F00F2C255 /* XHSoundRecorder.h */ = {isa = PBXFileReference; fileEncoding = 4; lastKnownFileType = sourcecode.c.h; path = XHSoundRecorder.h; sourceTree = "<group>"; };
		3F0544282046923F00F2C255 /* XHSoundRecorder.m */ = {isa = PBXFileReference; fileEncoding = 4; lastKnownFileType = sourcecode.c.objc; path = XHSoundRecorder.m; sourceTree = "<group>"; };
		3F05442A2046923F00F2C255 /* DOUAudioAnalyzer+Default.h */ = {isa = PBXFileReference; fileEncoding = 4; lastKnownFileType = sourcecode.c.h; path = "DOUAudioAnalyzer+Default.h"; sourceTree = "<group>"; };
		3F05442B2046923F00F2C255 /* DOUAudioAnalyzer+Default.m */ = {isa = PBXFileReference; fileEncoding = 4; lastKnownFileType = sourcecode.c.objc; path = "DOUAudioAnalyzer+Default.m"; sourceTree = "<group>"; };
		3F05442C2046923F00F2C255 /* DOUAudioAnalyzer.h */ = {isa = PBXFileReference; fileEncoding = 4; lastKnownFileType = sourcecode.c.h; path = DOUAudioAnalyzer.h; sourceTree = "<group>"; };
		3F05442D2046923F00F2C255 /* DOUAudioAnalyzer.m */ = {isa = PBXFileReference; fileEncoding = 4; lastKnownFileType = sourcecode.c.objc; path = DOUAudioAnalyzer.m; sourceTree = "<group>"; };
		3F05442E2046923F00F2C255 /* DOUAudioAnalyzer_Private.h */ = {isa = PBXFileReference; fileEncoding = 4; lastKnownFileType = sourcecode.c.h; path = DOUAudioAnalyzer_Private.h; sourceTree = "<group>"; };
		3F05442F2046923F00F2C255 /* DOUAudioBase.h */ = {isa = PBXFileReference; fileEncoding = 4; lastKnownFileType = sourcecode.c.h; path = DOUAudioBase.h; sourceTree = "<group>"; };
		3F0544302046923F00F2C255 /* DOUAudioDecoder.h */ = {isa = PBXFileReference; fileEncoding = 4; lastKnownFileType = sourcecode.c.h; path = DOUAudioDecoder.h; sourceTree = "<group>"; };
		3F0544312046923F00F2C255 /* DOUAudioDecoder.m */ = {isa = PBXFileReference; fileEncoding = 4; lastKnownFileType = sourcecode.c.objc; path = DOUAudioDecoder.m; sourceTree = "<group>"; };
		3F0544322046923F00F2C255 /* DOUAudioEventLoop.h */ = {isa = PBXFileReference; fileEncoding = 4; lastKnownFileType = sourcecode.c.h; path = DOUAudioEventLoop.h; sourceTree = "<group>"; };
		3F0544332046923F00F2C255 /* DOUAudioEventLoop.m */ = {isa = PBXFileReference; fileEncoding = 4; lastKnownFileType = sourcecode.c.objc; path = DOUAudioEventLoop.m; sourceTree = "<group>"; };
		3F0544342046923F00F2C255 /* DOUAudioFile.h */ = {isa = PBXFileReference; fileEncoding = 4; lastKnownFileType = sourcecode.c.h; path = DOUAudioFile.h; sourceTree = "<group>"; };
		3F0544352046923F00F2C255 /* DOUAudioFilePreprocessor.h */ = {isa = PBXFileReference; fileEncoding = 4; lastKnownFileType = sourcecode.c.h; path = DOUAudioFilePreprocessor.h; sourceTree = "<group>"; };
		3F0544362046923F00F2C255 /* DOUAudioFilePreprocessor.m */ = {isa = PBXFileReference; fileEncoding = 4; lastKnownFileType = sourcecode.c.objc; path = DOUAudioFilePreprocessor.m; sourceTree = "<group>"; };
		3F0544372046923F00F2C255 /* DOUAudioFileProvider.h */ = {isa = PBXFileReference; fileEncoding = 4; lastKnownFileType = sourcecode.c.h; path = DOUAudioFileProvider.h; sourceTree = "<group>"; };
		3F0544382046923F00F2C255 /* DOUAudioFileProvider.m */ = {isa = PBXFileReference; fileEncoding = 4; lastKnownFileType = sourcecode.c.objc; path = DOUAudioFileProvider.m; sourceTree = "<group>"; };
		3F0544392046923F00F2C255 /* DOUAudioFrequencyAnalyzer.h */ = {isa = PBXFileReference; fileEncoding = 4; lastKnownFileType = sourcecode.c.h; path = DOUAudioFrequencyAnalyzer.h; sourceTree = "<group>"; };
		3F05443A2046923F00F2C255 /* DOUAudioFrequencyAnalyzer.m */ = {isa = PBXFileReference; fileEncoding = 4; lastKnownFileType = sourcecode.c.objc; path = DOUAudioFrequencyAnalyzer.m; sourceTree = "<group>"; };
		3F05443B2046923F00F2C255 /* DOUAudioLPCM.h */ = {isa = PBXFileReference; fileEncoding = 4; lastKnownFileType = sourcecode.c.h; path = DOUAudioLPCM.h; sourceTree = "<group>"; };
		3F05443C2046923F00F2C255 /* DOUAudioLPCM.m */ = {isa = PBXFileReference; fileEncoding = 4; lastKnownFileType = sourcecode.c.objc; path = DOUAudioLPCM.m; sourceTree = "<group>"; };
		3F05443D2046923F00F2C255 /* DOUAudioPlaybackItem.h */ = {isa = PBXFileReference; fileEncoding = 4; lastKnownFileType = sourcecode.c.h; path = DOUAudioPlaybackItem.h; sourceTree = "<group>"; };
		3F05443E2046923F00F2C255 /* DOUAudioPlaybackItem.m */ = {isa = PBXFileReference; fileEncoding = 4; lastKnownFileType = sourcecode.c.objc; path = DOUAudioPlaybackItem.m; sourceTree = "<group>"; };
		3F05443F2046923F00F2C255 /* DOUAudioRenderer.h */ = {isa = PBXFileReference; fileEncoding = 4; lastKnownFileType = sourcecode.c.h; path = DOUAudioRenderer.h; sourceTree = "<group>"; };
		3F0544402046923F00F2C255 /* DOUAudioRenderer.m */ = {isa = PBXFileReference; fileEncoding = 4; lastKnownFileType = sourcecode.c.objc; path = DOUAudioRenderer.m; sourceTree = "<group>"; };
		3F0544412046923F00F2C255 /* DOUAudioSpatialAnalyzer.h */ = {isa = PBXFileReference; fileEncoding = 4; lastKnownFileType = sourcecode.c.h; path = DOUAudioSpatialAnalyzer.h; sourceTree = "<group>"; };
		3F0544422046923F00F2C255 /* DOUAudioSpatialAnalyzer.m */ = {isa = PBXFileReference; fileEncoding = 4; lastKnownFileType = sourcecode.c.objc; path = DOUAudioSpatialAnalyzer.m; sourceTree = "<group>"; };
		3F0544432046923F00F2C255 /* DOUAudioStreamer+Options.h */ = {isa = PBXFileReference; fileEncoding = 4; lastKnownFileType = sourcecode.c.h; path = "DOUAudioStreamer+Options.h"; sourceTree = "<group>"; };
		3F0544442046923F00F2C255 /* DOUAudioStreamer+Options.m */ = {isa = PBXFileReference; fileEncoding = 4; lastKnownFileType = sourcecode.c.objc; path = "DOUAudioStreamer+Options.m"; sourceTree = "<group>"; };
		3F0544452046923F00F2C255 /* DOUAudioStreamer.h */ = {isa = PBXFileReference; fileEncoding = 4; lastKnownFileType = sourcecode.c.h; path = DOUAudioStreamer.h; sourceTree = "<group>"; };
		3F0544462046923F00F2C255 /* DOUAudioStreamer.m */ = {isa = PBXFileReference; fileEncoding = 4; lastKnownFileType = sourcecode.c.objc; path = DOUAudioStreamer.m; sourceTree = "<group>"; };
		3F0544472046923F00F2C255 /* DOUAudioStreamer_Private.h */ = {isa = PBXFileReference; fileEncoding = 4; lastKnownFileType = sourcecode.c.h; path = DOUAudioStreamer_Private.h; sourceTree = "<group>"; };
		3F0544482046923F00F2C255 /* DOUAudioVisualizer.h */ = {isa = PBXFileReference; fileEncoding = 4; lastKnownFileType = sourcecode.c.h; path = DOUAudioVisualizer.h; sourceTree = "<group>"; };
		3F0544492046923F00F2C255 /* DOUAudioVisualizer.m */ = {isa = PBXFileReference; fileEncoding = 4; lastKnownFileType = sourcecode.c.objc; path = DOUAudioVisualizer.m; sourceTree = "<group>"; };
		3F05444A2046923F00F2C255 /* DOUEAGLView.h */ = {isa = PBXFileReference; fileEncoding = 4; lastKnownFileType = sourcecode.c.h; path = DOUEAGLView.h; sourceTree = "<group>"; };
		3F05444B2046923F00F2C255 /* DOUEAGLView.m */ = {isa = PBXFileReference; fileEncoding = 4; lastKnownFileType = sourcecode.c.objc; path = DOUEAGLView.m; sourceTree = "<group>"; };
		3F05444C2046923F00F2C255 /* DOUMPMediaLibraryAssetLoader.h */ = {isa = PBXFileReference; fileEncoding = 4; lastKnownFileType = sourcecode.c.h; path = DOUMPMediaLibraryAssetLoader.h; sourceTree = "<group>"; };
		3F05444D2046923F00F2C255 /* DOUMPMediaLibraryAssetLoader.m */ = {isa = PBXFileReference; fileEncoding = 4; lastKnownFileType = sourcecode.c.objc; path = DOUMPMediaLibraryAssetLoader.m; sourceTree = "<group>"; };
		3F05444E2046923F00F2C255 /* DOUSimpleHTTPRequest.h */ = {isa = PBXFileReference; fileEncoding = 4; lastKnownFileType = sourcecode.c.h; path = DOUSimpleHTTPRequest.h; sourceTree = "<group>"; };
		3F05444F2046923F00F2C255 /* DOUSimpleHTTPRequest.m */ = {isa = PBXFileReference; fileEncoding = 4; lastKnownFileType = sourcecode.c.objc; path = DOUSimpleHTTPRequest.m; sourceTree = "<group>"; };
		3F0544502046923F00F2C255 /* NSData+DOUMappedFile.h */ = {isa = PBXFileReference; fileEncoding = 4; lastKnownFileType = sourcecode.c.h; path = "NSData+DOUMappedFile.h"; sourceTree = "<group>"; };
		3F0544512046923F00F2C255 /* NSData+DOUMappedFile.m */ = {isa = PBXFileReference; fileEncoding = 4; lastKnownFileType = sourcecode.c.objc; path = "NSData+DOUMappedFile.m"; sourceTree = "<group>"; };
		3F0544532046923F00F2C255 /* AudioToolManager.h */ = {isa = PBXFileReference; fileEncoding = 4; lastKnownFileType = sourcecode.c.h; path = AudioToolManager.h; sourceTree = "<group>"; };
		3F0544542046923F00F2C255 /* AudioToolManager.m */ = {isa = PBXFileReference; fileEncoding = 4; lastKnownFileType = sourcecode.c.objc; path = AudioToolManager.m; sourceTree = "<group>"; };
		3F0544552046923F00F2C255 /* Track.h */ = {isa = PBXFileReference; fileEncoding = 4; lastKnownFileType = sourcecode.c.h; path = Track.h; sourceTree = "<group>"; };
		3F0544562046923F00F2C255 /* Track.m */ = {isa = PBXFileReference; fileEncoding = 4; lastKnownFileType = sourcecode.c.objc; path = Track.m; sourceTree = "<group>"; };
		3F054484204693C500F2C255 /* AppInterface.m */ = {isa = PBXFileReference; fileEncoding = 4; lastKnownFileType = sourcecode.c.objc; path = AppInterface.m; sourceTree = "<group>"; };
		3F054485204693C600F2C255 /* AppInterface.h */ = {isa = PBXFileReference; fileEncoding = 4; lastKnownFileType = sourcecode.c.h; path = AppInterface.h; sourceTree = "<group>"; };
		3F4A23131FF4D1F00055797A /* Vae_ManagerTools.app */ = {isa = PBXFileReference; explicitFileType = wrapper.application; includeInIndex = 0; path = Vae_ManagerTools.app; sourceTree = BUILT_PRODUCTS_DIR; };
		3F4A23191FF4D1F00055797A /* ViewController.h */ = {isa = PBXFileReference; lastKnownFileType = sourcecode.c.h; path = ViewController.h; sourceTree = "<group>"; };
		3F4A231A1FF4D1F00055797A /* ViewController.m */ = {isa = PBXFileReference; lastKnownFileType = sourcecode.c.objc; path = ViewController.m; sourceTree = "<group>"; };
		3F4A231D1FF4D1F00055797A /* Base */ = {isa = PBXFileReference; lastKnownFileType = file.storyboard; name = Base; path = Base.lproj/Main.storyboard; sourceTree = "<group>"; };
		3F4A231F1FF4D1F00055797A /* Assets.xcassets */ = {isa = PBXFileReference; lastKnownFileType = folder.assetcatalog; path = Assets.xcassets; sourceTree = "<group>"; };
		3F4A23221FF4D1F00055797A /* Base */ = {isa = PBXFileReference; lastKnownFileType = file.storyboard; name = Base; path = Base.lproj/LaunchScreen.storyboard; sourceTree = "<group>"; };
		3F4A23241FF4D1F00055797A /* Info.plist */ = {isa = PBXFileReference; lastKnownFileType = text.plist.xml; path = Info.plist; sourceTree = "<group>"; };
		3F4A23251FF4D1F00055797A /* main.m */ = {isa = PBXFileReference; lastKnownFileType = sourcecode.c.objc; path = main.m; sourceTree = "<group>"; };
		3F4A232B1FF4D1F00055797A /* Vae_ManagerToolsTests.xctest */ = {isa = PBXFileReference; explicitFileType = wrapper.cfbundle; includeInIndex = 0; path = Vae_ManagerToolsTests.xctest; sourceTree = BUILT_PRODUCTS_DIR; };
		3F4A232F1FF4D1F00055797A /* Vae_ManagerToolsTests.m */ = {isa = PBXFileReference; lastKnownFileType = sourcecode.c.objc; path = Vae_ManagerToolsTests.m; sourceTree = "<group>"; };
		3F4A23311FF4D1F00055797A /* Info.plist */ = {isa = PBXFileReference; lastKnownFileType = text.plist.xml; path = Info.plist; sourceTree = "<group>"; };
		3F4A23361FF4D1F00055797A /* Vae_ManagerToolsUITests.xctest */ = {isa = PBXFileReference; explicitFileType = wrapper.cfbundle; includeInIndex = 0; path = Vae_ManagerToolsUITests.xctest; sourceTree = BUILT_PRODUCTS_DIR; };
		3F4A233A1FF4D1F00055797A /* Vae_ManagerToolsUITests.m */ = {isa = PBXFileReference; lastKnownFileType = sourcecode.c.objc; path = Vae_ManagerToolsUITests.m; sourceTree = "<group>"; };
		3F4A233C1FF4D1F00055797A /* Info.plist */ = {isa = PBXFileReference; lastKnownFileType = text.plist.xml; path = Info.plist; sourceTree = "<group>"; };
		3F4A23491FF4DB6B0055797A /* VaeAppDelegate.h */ = {isa = PBXFileReference; lastKnownFileType = sourcecode.c.h; path = VaeAppDelegate.h; sourceTree = "<group>"; };
		3F4A234A1FF4DB6B0055797A /* VaeAppDelegate.m */ = {isa = PBXFileReference; lastKnownFileType = sourcecode.c.objc; path = VaeAppDelegate.m; sourceTree = "<group>"; };
		3F4A234C1FF4DBB90055797A /* VaeAppDelegate+ConfigNavBar.h */ = {isa = PBXFileReference; lastKnownFileType = sourcecode.c.h; path = "VaeAppDelegate+ConfigNavBar.h"; sourceTree = "<group>"; };
		3F4A234D1FF4DBB90055797A /* VaeAppDelegate+ConfigNavBar.m */ = {isa = PBXFileReference; lastKnownFileType = sourcecode.c.objc; path = "VaeAppDelegate+ConfigNavBar.m"; sourceTree = "<group>"; };
		3F4A23511FF4DD660055797A /* VaeBaseViewController.h */ = {isa = PBXFileReference; lastKnownFileType = sourcecode.c.h; path = VaeBaseViewController.h; sourceTree = "<group>"; };
		3F4A23521FF4DD660055797A /* VaeBaseViewController.m */ = {isa = PBXFileReference; lastKnownFileType = sourcecode.c.objc; path = VaeBaseViewController.m; sourceTree = "<group>"; };
		3F4A23541FF4DDAE0055797A /* VaeNavigationController.h */ = {isa = PBXFileReference; lastKnownFileType = sourcecode.c.h; path = VaeNavigationController.h; sourceTree = "<group>"; };
		3F4A23551FF4DDAE0055797A /* VaeNavigationController.m */ = {isa = PBXFileReference; lastKnownFileType = sourcecode.c.objc; path = VaeNavigationController.m; sourceTree = "<group>"; };
		3F4A23581FF4DDE50055797A /* VaeTabBarController.h */ = {isa = PBXFileReference; lastKnownFileType = sourcecode.c.h; path = VaeTabBarController.h; sourceTree = "<group>"; };
		3F4A23591FF4DDE50055797A /* VaeTabBarController.m */ = {isa = PBXFileReference; lastKnownFileType = sourcecode.c.objc; path = VaeTabBarController.m; sourceTree = "<group>"; };
		3F4A235B1FF4DDF40055797A /* VaeTabBar.h */ = {isa = PBXFileReference; lastKnownFileType = sourcecode.c.h; path = VaeTabBar.h; sourceTree = "<group>"; };
		3F4A235C1FF4DDF40055797A /* VaeTabBar.m */ = {isa = PBXFileReference; lastKnownFileType = sourcecode.c.objc; path = VaeTabBar.m; sourceTree = "<group>"; };
		3F4A23601FF4DF400055797A /* VaeHeadTool.pch */ = {isa = PBXFileReference; lastKnownFileType = sourcecode.c.h; path = VaeHeadTool.pch; sourceTree = "<group>"; };
		3F4A23651FF4E0140055797A /* KSGuaidProperty.plist */ = {isa = PBXFileReference; fileEncoding = 4; lastKnownFileType = text.plist.xml; path = KSGuaidProperty.plist; sourceTree = "<group>"; };
		3F4A23661FF4E0140055797A /* KSGuaidViewCell.h */ = {isa = PBXFileReference; fileEncoding = 4; lastKnownFileType = sourcecode.c.h; path = KSGuaidViewCell.h; sourceTree = "<group>"; };
		3F4A23671FF4E0140055797A /* KSGuaidViewCell.m */ = {isa = PBXFileReference; fileEncoding = 4; lastKnownFileType = sourcecode.c.objc; path = KSGuaidViewCell.m; sourceTree = "<group>"; };
		3F4A23681FF4E0140055797A /* KSGuaidViewController.h */ = {isa = PBXFileReference; fileEncoding = 4; lastKnownFileType = sourcecode.c.h; path = KSGuaidViewController.h; sourceTree = "<group>"; };
		3F4A23691FF4E0140055797A /* KSGuaidViewController.m */ = {isa = PBXFileReference; fileEncoding = 4; lastKnownFileType = sourcecode.c.objc; path = KSGuaidViewController.m; sourceTree = "<group>"; };
		3F4A236F1FF4E0250055797A /* LCActionSheet.h */ = {isa = PBXFileReference; fileEncoding = 4; lastKnownFileType = sourcecode.c.h; path = LCActionSheet.h; sourceTree = "<group>"; };
		3F4A23701FF4E0250055797A /* LCActionSheet.m */ = {isa = PBXFileReference; fileEncoding = 4; lastKnownFileType = sourcecode.c.objc; path = LCActionSheet.m; sourceTree = "<group>"; };
		3F4A23711FF4E0250055797A /* LCActionSheetCell.h */ = {isa = PBXFileReference; fileEncoding = 4; lastKnownFileType = sourcecode.c.h; path = LCActionSheetCell.h; sourceTree = "<group>"; };
		3F4A23721FF4E0250055797A /* LCActionSheetCell.m */ = {isa = PBXFileReference; fileEncoding = 4; lastKnownFileType = sourcecode.c.objc; path = LCActionSheetCell.m; sourceTree = "<group>"; };
		3F4A23731FF4E0250055797A /* LCActionSheetConfig.h */ = {isa = PBXFileReference; fileEncoding = 4; lastKnownFileType = sourcecode.c.h; path = LCActionSheetConfig.h; sourceTree = "<group>"; };
		3F4A23741FF4E0250055797A /* LCActionSheetConfig.m */ = {isa = PBXFileReference; fileEncoding = 4; lastKnownFileType = sourcecode.c.objc; path = LCActionSheetConfig.m; sourceTree = "<group>"; };
		3F4A23751FF4E0250055797A /* LCActionSheetViewController.h */ = {isa = PBXFileReference; fileEncoding = 4; lastKnownFileType = sourcecode.c.h; path = LCActionSheetViewController.h; sourceTree = "<group>"; };
		3F4A23761FF4E0250055797A /* LCActionSheetViewController.m */ = {isa = PBXFileReference; fileEncoding = 4; lastKnownFileType = sourcecode.c.objc; path = LCActionSheetViewController.m; sourceTree = "<group>"; };
		3F4A23771FF4E0250055797A /* UIDevice+LCActionSheet.h */ = {isa = PBXFileReference; fileEncoding = 4; lastKnownFileType = sourcecode.c.h; path = "UIDevice+LCActionSheet.h"; sourceTree = "<group>"; };
		3F4A23781FF4E0250055797A /* UIDevice+LCActionSheet.m */ = {isa = PBXFileReference; fileEncoding = 4; lastKnownFileType = sourcecode.c.objc; path = "UIDevice+LCActionSheet.m"; sourceTree = "<group>"; };
		3F4A23791FF4E0250055797A /* UIImage+LCActionSheet.h */ = {isa = PBXFileReference; fileEncoding = 4; lastKnownFileType = sourcecode.c.h; path = "UIImage+LCActionSheet.h"; sourceTree = "<group>"; };
		3F4A237A1FF4E0250055797A /* UIImage+LCActionSheet.m */ = {isa = PBXFileReference; fileEncoding = 4; lastKnownFileType = sourcecode.c.objc; path = "UIImage+LCActionSheet.m"; sourceTree = "<group>"; };
		3F4A23821FF4E02C0055797A /* MBProgressHUD+MJ.h */ = {isa = PBXFileReference; fileEncoding = 4; lastKnownFileType = sourcecode.c.h; path = "MBProgressHUD+MJ.h"; sourceTree = "<group>"; };
		3F4A23831FF4E02C0055797A /* MBProgressHUD+MJ.m */ = {isa = PBXFileReference; fileEncoding = 4; lastKnownFileType = sourcecode.c.objc; path = "MBProgressHUD+MJ.m"; sourceTree = "<group>"; };
		3F4A23841FF4E02C0055797A /* MBProgressHUD.bundle */ = {isa = PBXFileReference; lastKnownFileType = "wrapper.plug-in"; path = MBProgressHUD.bundle; sourceTree = "<group>"; };
		3F4A23851FF4E02C0055797A /* MBProgressHUD.h */ = {isa = PBXFileReference; fileEncoding = 4; lastKnownFileType = sourcecode.c.h; path = MBProgressHUD.h; sourceTree = "<group>"; };
		3F4A23861FF4E02C0055797A /* MBProgressHUD.m */ = {isa = PBXFileReference; fileEncoding = 4; lastKnownFileType = sourcecode.c.objc; path = MBProgressHUD.m; sourceTree = "<group>"; };
		3F4A23871FF4E02C0055797A /* SNLoading.h */ = {isa = PBXFileReference; fileEncoding = 4; lastKnownFileType = sourcecode.c.h; path = SNLoading.h; sourceTree = "<group>"; };
		3F4A23881FF4E02C0055797A /* SNLoading.m */ = {isa = PBXFileReference; fileEncoding = 4; lastKnownFileType = sourcecode.c.objc; path = SNLoading.m; sourceTree = "<group>"; };
		3F4A238E1FF4E0450055797A /* arrow@2x.png */ = {isa = PBXFileReference; lastKnownFileType = image.png; path = "arrow@2x.png"; sourceTree = "<group>"; };
		3F4A238F1FF4E0450055797A /* PSBaseRefreshControl.h */ = {isa = PBXFileReference; fileEncoding = 4; lastKnownFileType = sourcecode.c.h; path = PSBaseRefreshControl.h; sourceTree = "<group>"; };
		3F4A23901FF4E0450055797A /* PSBaseRefreshControl.m */ = {isa = PBXFileReference; fileEncoding = 4; lastKnownFileType = sourcecode.c.objc; path = PSBaseRefreshControl.m; sourceTree = "<group>"; };
		3F4A23911FF4E0450055797A /* PSRefreshConfig.h */ = {isa = PBXFileReference; fileEncoding = 4; lastKnownFileType = sourcecode.c.h; path = PSRefreshConfig.h; sourceTree = "<group>"; };
		3F4A23931FF4E0450055797A /* PSGifRefreshFooter.h */ = {isa = PBXFileReference; fileEncoding = 4; lastKnownFileType = sourcecode.c.h; path = PSGifRefreshFooter.h; sourceTree = "<group>"; };
		3F4A23941FF4E0450055797A /* PSGifRefreshFooter.m */ = {isa = PBXFileReference; fileEncoding = 4; lastKnownFileType = sourcecode.c.objc; path = PSGifRefreshFooter.m; sourceTree = "<group>"; };
		3F4A23951FF4E0450055797A /* PSNormalRefreshFooter.h */ = {isa = PBXFileReference; fileEncoding = 4; lastKnownFileType = sourcecode.c.h; path = PSNormalRefreshFooter.h; sourceTree = "<group>"; };
		3F4A23961FF4E0450055797A /* PSNormalRefreshFooter.m */ = {isa = PBXFileReference; fileEncoding = 4; lastKnownFileType = sourcecode.c.objc; path = PSNormalRefreshFooter.m; sourceTree = "<group>"; };
		3F4A23981FF4E0450055797A /* PSGifRefreshHeader.h */ = {isa = PBXFileReference; fileEncoding = 4; lastKnownFileType = sourcecode.c.h; path = PSGifRefreshHeader.h; sourceTree = "<group>"; };
		3F4A23991FF4E0450055797A /* PSGifRefreshHeader.m */ = {isa = PBXFileReference; fileEncoding = 4; lastKnownFileType = sourcecode.c.objc; path = PSGifRefreshHeader.m; sourceTree = "<group>"; };
		3F4A239A1FF4E0450055797A /* PSNormalRefreshHeader.h */ = {isa = PBXFileReference; fileEncoding = 4; lastKnownFileType = sourcecode.c.h; path = PSNormalRefreshHeader.h; sourceTree = "<group>"; };
		3F4A239B1FF4E0450055797A /* PSNormalRefreshHeader.m */ = {isa = PBXFileReference; fileEncoding = 4; lastKnownFileType = sourcecode.c.objc; path = PSNormalRefreshHeader.m; sourceTree = "<group>"; };
		3F4A239C1FF4E0450055797A /* UIScrollView+PSRefresh.h */ = {isa = PBXFileReference; fileEncoding = 4; lastKnownFileType = sourcecode.c.h; path = "UIScrollView+PSRefresh.h"; sourceTree = "<group>"; };
		3F4A239D1FF4E0450055797A /* UIScrollView+PSRefresh.m */ = {isa = PBXFileReference; fileEncoding = 4; lastKnownFileType = sourcecode.c.objc; path = "UIScrollView+PSRefresh.m"; sourceTree = "<group>"; };
		3F4A239E1FF4E0450055797A /* UIView+PSFrame.h */ = {isa = PBXFileReference; fileEncoding = 4; lastKnownFileType = sourcecode.c.h; path = "UIView+PSFrame.h"; sourceTree = "<group>"; };
		3F4A239F1FF4E0450055797A /* UIView+PSFrame.m */ = {isa = PBXFileReference; fileEncoding = 4; lastKnownFileType = sourcecode.c.objc; path = "UIView+PSFrame.m"; sourceTree = "<group>"; };
		3F4A23A91FF4E0700055797A /* YHWebViewProgress.h */ = {isa = PBXFileReference; fileEncoding = 4; lastKnownFileType = sourcecode.c.h; path = YHWebViewProgress.h; sourceTree = "<group>"; };
		3F4A23AA1FF4E0700055797A /* YHWebViewProgress.m */ = {isa = PBXFileReference; fileEncoding = 4; lastKnownFileType = sourcecode.c.objc; path = YHWebViewProgress.m; sourceTree = "<group>"; };
		3F4A23AB1FF4E0700055797A /* YHWebViewProgressView.h */ = {isa = PBXFileReference; fileEncoding = 4; lastKnownFileType = sourcecode.c.h; path = YHWebViewProgressView.h; sourceTree = "<group>"; };
		3F4A23AC1FF4E0700055797A /* YHWebViewProgressView.m */ = {isa = PBXFileReference; fileEncoding = 4; lastKnownFileType = sourcecode.c.objc; path = YHWebViewProgressView.m; sourceTree = "<group>"; };
		3F4A23AD1FF4E0700055797A /* YHWebViewProgressViewProtocol.h */ = {isa = PBXFileReference; fileEncoding = 4; lastKnownFileType = sourcecode.c.h; path = YHWebViewProgressViewProtocol.h; sourceTree = "<group>"; };
		3F4A23B01FF4E14F0055797A /* HudCenter.m */ = {isa = PBXFileReference; fileEncoding = 4; lastKnownFileType = sourcecode.c.objc; path = HudCenter.m; sourceTree = "<group>"; };
		3F4A23B11FF4E15B0055797A /* HudCenter.h */ = {isa = PBXFileReference; fileEncoding = 4; lastKnownFileType = sourcecode.c.h; path = HudCenter.h; sourceTree = "<group>"; };
		3F4A23B31FF4E2120055797A /* VaeBaseWebViewController.h */ = {isa = PBXFileReference; lastKnownFileType = sourcecode.c.h; path = VaeBaseWebViewController.h; sourceTree = "<group>"; };
		3F4A23B41FF4E2120055797A /* VaeBaseWebViewController.m */ = {isa = PBXFileReference; lastKnownFileType = sourcecode.c.objc; path = VaeBaseWebViewController.m; sourceTree = "<group>"; };
		3F4A23B61FF4E36F0055797A /* NSObject+BaseObject.h */ = {isa = PBXFileReference; fileEncoding = 4; lastKnownFileType = sourcecode.c.h; path = "NSObject+BaseObject.h"; sourceTree = "<group>"; };
		3F4A23B71FF4E36F0055797A /* NSObject+BaseObject.m */ = {isa = PBXFileReference; fileEncoding = 4; lastKnownFileType = sourcecode.c.objc; path = "NSObject+BaseObject.m"; sourceTree = "<group>"; };
		3F4A23B91FF4E3A10055797A /* Config.h */ = {isa = PBXFileReference; lastKnownFileType = sourcecode.c.h; path = Config.h; sourceTree = "<group>"; };
		3F4A23BA1FF4E4BE0055797A /* MMMaterialDesignSpinner.h */ = {isa = PBXFileReference; fileEncoding = 4; lastKnownFileType = sourcecode.c.h; path = MMMaterialDesignSpinner.h; sourceTree = "<group>"; };
		3F4A23BB1FF4E4BE0055797A /* MMMaterialDesignSpinner.m */ = {isa = PBXFileReference; fileEncoding = 4; lastKnownFileType = sourcecode.c.objc; path = MMMaterialDesignSpinner.m; sourceTree = "<group>"; };
		3F4A23BF1FF4E5BE0055797A /* UIColor+Tools.m */ = {isa = PBXFileReference; fileEncoding = 4; lastKnownFileType = sourcecode.c.objc; path = "UIColor+Tools.m"; sourceTree = "<group>"; };
		3F4A23C01FF4E5BE0055797A /* UIControl+recurClick.m */ = {isa = PBXFileReference; fileEncoding = 4; lastKnownFileType = sourcecode.c.objc; path = "UIControl+recurClick.m"; sourceTree = "<group>"; };
		3F4A23C11FF4E5BE0055797A /* UIColor+Tools.h */ = {isa = PBXFileReference; fileEncoding = 4; lastKnownFileType = sourcecode.c.h; path = "UIColor+Tools.h"; sourceTree = "<group>"; };
		3F4A23C21FF4E5BE0055797A /* UIControl+recurClick.h */ = {isa = PBXFileReference; fileEncoding = 4; lastKnownFileType = sourcecode.c.h; path = "UIControl+recurClick.h"; sourceTree = "<group>"; };
		3F4A23C51FF4E5D10055797A /* UINavigationController+FDFullscreenPopGesture.h */ = {isa = PBXFileReference; fileEncoding = 4; lastKnownFileType = sourcecode.c.h; path = "UINavigationController+FDFullscreenPopGesture.h"; sourceTree = "<group>"; };
		3F4A23C61FF4E5D10055797A /* UINavigationController+FDFullscreenPopGesture.m */ = {isa = PBXFileReference; fileEncoding = 4; lastKnownFileType = sourcecode.c.objc; path = "UINavigationController+FDFullscreenPopGesture.m"; sourceTree = "<group>"; };
		3F4A23C81FF4E5E30055797A /* UIViewController+BarButton.h */ = {isa = PBXFileReference; fileEncoding = 4; lastKnownFileType = sourcecode.c.h; path = "UIViewController+BarButton.h"; sourceTree = "<group>"; };
		3F4A23C91FF4E5E30055797A /* UIViewController+BarButton.m */ = {isa = PBXFileReference; fileEncoding = 4; lastKnownFileType = sourcecode.c.objc; path = "UIViewController+BarButton.m"; sourceTree = "<group>"; };
		3F4A23CB1FF4E61A0055797A /* Helper.h */ = {isa = PBXFileReference; fileEncoding = 4; lastKnownFileType = sourcecode.c.h; path = Helper.h; sourceTree = "<group>"; };
		3F4A23CC1FF4E61B0055797A /* Helper.m */ = {isa = PBXFileReference; fileEncoding = 4; lastKnownFileType = sourcecode.c.objc; path = Helper.m; sourceTree = "<group>"; };
		3F4A23CE1FF4E63A0055797A /* MapTool.h */ = {isa = PBXFileReference; fileEncoding = 4; lastKnownFileType = sourcecode.c.h; path = MapTool.h; sourceTree = "<group>"; };
		3F4A23CF1FF4E63B0055797A /* MapTool.m */ = {isa = PBXFileReference; fileEncoding = 4; lastKnownFileType = sourcecode.c.objc; path = MapTool.m; sourceTree = "<group>"; };
		3F4A23D11FF4E7380055797A /* Utils.m */ = {isa = PBXFileReference; fileEncoding = 4; lastKnownFileType = sourcecode.c.objc; path = Utils.m; sourceTree = "<group>"; };
		3F4A23D21FF4E7390055797A /* Utils.h */ = {isa = PBXFileReference; fileEncoding = 4; lastKnownFileType = sourcecode.c.h; path = Utils.h; sourceTree = "<group>"; };
		3F4A23D41FF4E7B20055797A /* Tool.m */ = {isa = PBXFileReference; fileEncoding = 4; lastKnownFileType = sourcecode.c.objc; path = Tool.m; sourceTree = "<group>"; };
		3F4A23D51FF4E7B30055797A /* Tool.h */ = {isa = PBXFileReference; fileEncoding = 4; lastKnownFileType = sourcecode.c.h; path = Tool.h; sourceTree = "<group>"; };
		3F4A23D71FF4EA3E0055797A /* VaeAppDelegate+Guaid.h */ = {isa = PBXFileReference; lastKnownFileType = sourcecode.c.h; path = "VaeAppDelegate+Guaid.h"; sourceTree = "<group>"; };
		3F4A23D81FF4EA3E0055797A /* VaeAppDelegate+Guaid.m */ = {isa = PBXFileReference; lastKnownFileType = sourcecode.c.objc; path = "VaeAppDelegate+Guaid.m"; sourceTree = "<group>"; };
		3F4A23E41FF4ED540055797A /* MessageViewController.h */ = {isa = PBXFileReference; lastKnownFileType = sourcecode.c.h; path = MessageViewController.h; sourceTree = "<group>"; };
		3F4A23E51FF4ED540055797A /* MessageViewController.m */ = {isa = PBXFileReference; lastKnownFileType = sourcecode.c.objc; path = MessageViewController.m; sourceTree = "<group>"; };
		3F4A23E71FF4ED5E0055797A /* HomeViewController.h */ = {isa = PBXFileReference; lastKnownFileType = sourcecode.c.h; path = HomeViewController.h; sourceTree = "<group>"; };
		3F4A23E81FF4ED5E0055797A /* HomeViewController.m */ = {isa = PBXFileReference; lastKnownFileType = sourcecode.c.objc; path = HomeViewController.m; sourceTree = "<group>"; };
		3F4A23ED1FF4ED780055797A /* MineViewController.h */ = {isa = PBXFileReference; lastKnownFileType = sourcecode.c.h; path = MineViewController.h; sourceTree = "<group>"; };
		3F4A23EE1FF4ED780055797A /* MineViewController.m */ = {isa = PBXFileReference; lastKnownFileType = sourcecode.c.objc; path = MineViewController.m; sourceTree = "<group>"; };
		3F4A23F01FF4EE050055797A /* UIBarButtonItem+Extension.m */ = {isa = PBXFileReference; fileEncoding = 4; lastKnownFileType = sourcecode.c.objc; path = "UIBarButtonItem+Extension.m"; sourceTree = "<group>"; };
		3F4A23F11FF4EE050055797A /* UIBarButtonItem+Extension.h */ = {isa = PBXFileReference; fileEncoding = 4; lastKnownFileType = sourcecode.c.h; path = "UIBarButtonItem+Extension.h"; sourceTree = "<group>"; };
		3F4A23F31FF4EED80055797A /* UIFont+Extension.m */ = {isa = PBXFileReference; fileEncoding = 4; lastKnownFileType = sourcecode.c.objc; path = "UIFont+Extension.m"; sourceTree = "<group>"; };
		3F4A23F41FF4EED90055797A /* UIFont+Extension.h */ = {isa = PBXFileReference; fileEncoding = 4; lastKnownFileType = sourcecode.c.h; path = "UIFont+Extension.h"; sourceTree = "<group>"; };
		3F4A23F61FF4EEFF0055797A /* SSLayerAnimation.h */ = {isa = PBXFileReference; fileEncoding = 4; lastKnownFileType = sourcecode.c.h; path = SSLayerAnimation.h; sourceTree = "<group>"; };
		3F4A23F71FF4EEFF0055797A /* SSLayerAnimation.m */ = {isa = PBXFileReference; fileEncoding = 4; lastKnownFileType = sourcecode.c.objc; path = SSLayerAnimation.m; sourceTree = "<group>"; };
		3F9FDFEF207B4CAD00D2121C /* MessageSubViewController.h */ = {isa = PBXFileReference; lastKnownFileType = sourcecode.c.h; path = MessageSubViewController.h; sourceTree = "<group>"; };
		3F9FDFF0207B4CAD00D2121C /* MessageSubViewController.m */ = {isa = PBXFileReference; lastKnownFileType = sourcecode.c.objc; path = MessageSubViewController.m; sourceTree = "<group>"; };
		3F9FDFF2207B4D8D00D2121C /* MessageCell.h */ = {isa = PBXFileReference; lastKnownFileType = sourcecode.c.h; path = MessageCell.h; sourceTree = "<group>"; };
		3F9FDFF3207B4D8D00D2121C /* MessageCell.m */ = {isa = PBXFileReference; lastKnownFileType = sourcecode.c.objc; path = MessageCell.m; sourceTree = "<group>"; };
		3F9FDFF5207B4DA000D2121C /* MessageModel.h */ = {isa = PBXFileReference; lastKnownFileType = sourcecode.c.h; path = MessageModel.h; sourceTree = "<group>"; };
		3F9FDFF6207B4DA000D2121C /* MessageModel.m */ = {isa = PBXFileReference; lastKnownFileType = sourcecode.c.objc; path = MessageModel.m; sourceTree = "<group>"; };
		3F9FDFF8207B4F3B00D2121C /* HorizenButton.h */ = {isa = PBXFileReference; fileEncoding = 4; lastKnownFileType = sourcecode.c.h; path = HorizenButton.h; sourceTree = "<group>"; };
		3F9FDFF9207B4F3B00D2121C /* HorizenButton.m */ = {isa = PBXFileReference; fileEncoding = 4; lastKnownFileType = sourcecode.c.objc; path = HorizenButton.m; sourceTree = "<group>"; };
		3F9FDFFE207B571400D2121C /* HomeSelectView.h */ = {isa = PBXFileReference; fileEncoding = 4; lastKnownFileType = sourcecode.c.h; path = HomeSelectView.h; sourceTree = "<group>"; };
		3F9FDFFF207B571400D2121C /* HomeSelectView.m */ = {isa = PBXFileReference; fileEncoding = 4; lastKnownFileType = sourcecode.c.objc; path = HomeSelectView.m; sourceTree = "<group>"; };
		3F9FE001207B585100D2121C /* MineOrderTopView.m */ = {isa = PBXFileReference; fileEncoding = 4; lastKnownFileType = sourcecode.c.objc; path = MineOrderTopView.m; sourceTree = "<group>"; };
		3F9FE002207B585100D2121C /* MineOrderTopView.h */ = {isa = PBXFileReference; fileEncoding = 4; lastKnownFileType = sourcecode.c.h; path = MineOrderTopView.h; sourceTree = "<group>"; };
		3F9FE004207B59AB00D2121C /* UIView+Extension.h */ = {isa = PBXFileReference; fileEncoding = 4; lastKnownFileType = sourcecode.c.h; path = "UIView+Extension.h"; sourceTree = "<group>"; };
		3F9FE005207B59AB00D2121C /* UIView+Extension.m */ = {isa = PBXFileReference; fileEncoding = 4; lastKnownFileType = sourcecode.c.objc; path = "UIView+Extension.m"; sourceTree = "<group>"; };
		3F9FE016207F3E1200D2121C /* MYHAPIRequest.h */ = {isa = PBXFileReference; fileEncoding = 4; lastKnownFileType = sourcecode.c.h; path = MYHAPIRequest.h; sourceTree = "<group>"; };
		3F9FE017207F3E1300D2121C /* MYHAPIRequest.m */ = {isa = PBXFileReference; fileEncoding = 4; lastKnownFileType = sourcecode.c.objc; path = MYHAPIRequest.m; sourceTree = "<group>"; };
		3F9FE018207F3E1300D2121C /* MYHExtentionProtocol.h */ = {isa = PBXFileReference; fileEncoding = 4; lastKnownFileType = sourcecode.c.h; path = MYHExtentionProtocol.h; sourceTree = "<group>"; };
		3F9FE019207F3E1300D2121C /* MYHRequestProtocol.h */ = {isa = PBXFileReference; fileEncoding = 4; lastKnownFileType = sourcecode.c.h; path = MYHRequestProtocol.h; sourceTree = "<group>"; };
		3F9FE01A207F3E1300D2121C /* MYHResponseProtocol.h */ = {isa = PBXFileReference; fileEncoding = 4; lastKnownFileType = sourcecode.c.h; path = MYHResponseProtocol.h; sourceTree = "<group>"; };
		3F9FE01C207F3E7C00D2121C /* SSRequest.h */ = {isa = PBXFileReference; fileEncoding = 4; lastKnownFileType = sourcecode.c.h; path = SSRequest.h; sourceTree = "<group>"; };
		3F9FE01D207F3E7F00D2121C /* SSRequest.m */ = {isa = PBXFileReference; fileEncoding = 4; lastKnownFileType = sourcecode.c.objc; path = SSRequest.m; sourceTree = "<group>"; };
		531C41766491EA403EB97E7C /* Pods-Vae_ManagerTools.release.xcconfig */ = {isa = PBXFileReference; includeInIndex = 1; lastKnownFileType = text.xcconfig; name = "Pods-Vae_ManagerTools.release.xcconfig"; path = "Pods/Target Support Files/Pods-Vae_ManagerTools/Pods-Vae_ManagerTools.release.xcconfig"; sourceTree = "<group>"; };
		7B54F9A191D0A7BB6392E57A /* libPods-Vae_ManagerTools.a */ = {isa = PBXFileReference; explicitFileType = archive.ar; includeInIndex = 0; path = "libPods-Vae_ManagerTools.a"; sourceTree = BUILT_PRODUCTS_DIR; };
		ED690B6C5C7DA240A2702BC9 /* Pods-Vae_ManagerTools.debug.xcconfig */ = {isa = PBXFileReference; includeInIndex = 1; lastKnownFileType = text.xcconfig; name = "Pods-Vae_ManagerTools.debug.xcconfig"; path = "Pods/Target Support Files/Pods-Vae_ManagerTools/Pods-Vae_ManagerTools.debug.xcconfig"; sourceTree = "<group>"; };
/* End PBXFileReference section */

/* Begin PBXFrameworksBuildPhase section */
		3F4A23101FF4D1F00055797A /* Frameworks */ = {
			isa = PBXFrameworksBuildPhase;
			buildActionMask = 2147483647;
			files = (
				002EFCA539A547724DCB5C51 /* libPods-Vae_ManagerTools.a in Frameworks */,
				3F0544612046923F00F2C255 /* libmp3lame.a in Frameworks */,
			);
			runOnlyForDeploymentPostprocessing = 0;
		};
		3F4A23281FF4D1F00055797A /* Frameworks */ = {
			isa = PBXFrameworksBuildPhase;
			buildActionMask = 2147483647;
			files = (
			);
			runOnlyForDeploymentPostprocessing = 0;
		};
		3F4A23331FF4D1F00055797A /* Frameworks */ = {
			isa = PBXFrameworksBuildPhase;
			buildActionMask = 2147483647;
			files = (
			);
			runOnlyForDeploymentPostprocessing = 0;
		};
/* End PBXFrameworksBuildPhase section */

/* Begin PBXGroup section */
		0CAF95E3BF25C5F2E352E457 /* Pods */ = {
			isa = PBXGroup;
			children = (
				ED690B6C5C7DA240A2702BC9 /* Pods-Vae_ManagerTools.debug.xcconfig */,
				531C41766491EA403EB97E7C /* Pods-Vae_ManagerTools.release.xcconfig */,
			);
			name = Pods;
			sourceTree = "<group>";
		};
		3F05440C2046923E00F2C255 /* CEStreamVoiceManager */ = {
			isa = PBXGroup;
			children = (
				3F05440D2046923E00F2C255 /* AudioRecordTool */,
				3F0544292046923F00F2C255 /* src */,
				3F0544522046923F00F2C255 /* StreamVoice */,
			);
			path = CEStreamVoiceManager;
			sourceTree = "<group>";
		};
		3F05440D2046923E00F2C255 /* AudioRecordTool */ = {
			isa = PBXGroup;
			children = (
				3F05440E2046923E00F2C255 /* ALiHUD */,
				3F05441C2046923E00F2C255 /* SoundRecorder */,
			);
			path = AudioRecordTool;
			sourceTree = "<group>";
		};
		3F05440E2046923E00F2C255 /* ALiHUD */ = {
			isa = PBXGroup;
			children = (
				3F05440F2046923E00F2C255 /* ALiProgressHUD.h */,
				3F0544102046923E00F2C255 /* ALiProgressHUD.m */,
				3F0544112046923E00F2C255 /* images */,
				3F05441A2046923E00F2C255 /* NSObject+ALiHUD.h */,
				3F05441B2046923E00F2C255 /* NSObject+ALiHUD.m */,
			);
			path = ALiHUD;
			sourceTree = "<group>";
		};
		3F0544112046923E00F2C255 /* images */ = {
			isa = PBXGroup;
			children = (
				3F0544122046923E00F2C255 /* emj@2x.png */,
				3F0544132046923E00F2C255 /* emj@3x.png */,
				3F0544142046923E00F2C255 /* HUD_error@2x.png */,
				3F0544152046923E00F2C255 /* HUD_error@3x.png */,
				3F0544162046923E00F2C255 /* HUD_info@2x.png */,
				3F0544172046923E00F2C255 /* HUD_info@3x.png */,
				3F0544182046923E00F2C255 /* HUD_success@2x.png */,
				3F0544192046923E00F2C255 /* HUD_success@3x.png */,
			);
			path = images;
			sourceTree = "<group>";
		};
		3F05441C2046923E00F2C255 /* SoundRecorder */ = {
			isa = PBXGroup;
			children = (
				3F05441D2046923E00F2C255 /* lame.h */,
				3F05441E2046923E00F2C255 /* libmp3lame.a */,
				3F05441F2046923E00F2C255 /* LVRecordTool.h */,
				3F0544202046923E00F2C255 /* LVRecordTool.m */,
				3F0544212046923E00F2C255 /* MultyRecordTool.h */,
				3F0544222046923E00F2C255 /* MultyRecordTool.m */,
				3F0544232046923F00F2C255 /* PlayRecordSpectrumView.h */,
				3F0544242046923F00F2C255 /* PlayRecordSpectrumView.m */,
				3F0544252046923F00F2C255 /* SpectrumView.h */,
				3F0544262046923F00F2C255 /* SpectrumView.m */,
				3F0544272046923F00F2C255 /* XHSoundRecorder.h */,
				3F0544282046923F00F2C255 /* XHSoundRecorder.m */,
			);
			path = SoundRecorder;
			sourceTree = "<group>";
		};
		3F0544292046923F00F2C255 /* src */ = {
			isa = PBXGroup;
			children = (
				3F05442A2046923F00F2C255 /* DOUAudioAnalyzer+Default.h */,
				3F05442B2046923F00F2C255 /* DOUAudioAnalyzer+Default.m */,
				3F05442C2046923F00F2C255 /* DOUAudioAnalyzer.h */,
				3F05442D2046923F00F2C255 /* DOUAudioAnalyzer.m */,
				3F05442E2046923F00F2C255 /* DOUAudioAnalyzer_Private.h */,
				3F05442F2046923F00F2C255 /* DOUAudioBase.h */,
				3F0544302046923F00F2C255 /* DOUAudioDecoder.h */,
				3F0544312046923F00F2C255 /* DOUAudioDecoder.m */,
				3F0544322046923F00F2C255 /* DOUAudioEventLoop.h */,
				3F0544332046923F00F2C255 /* DOUAudioEventLoop.m */,
				3F0544342046923F00F2C255 /* DOUAudioFile.h */,
				3F0544352046923F00F2C255 /* DOUAudioFilePreprocessor.h */,
				3F0544362046923F00F2C255 /* DOUAudioFilePreprocessor.m */,
				3F0544372046923F00F2C255 /* DOUAudioFileProvider.h */,
				3F0544382046923F00F2C255 /* DOUAudioFileProvider.m */,
				3F0544392046923F00F2C255 /* DOUAudioFrequencyAnalyzer.h */,
				3F05443A2046923F00F2C255 /* DOUAudioFrequencyAnalyzer.m */,
				3F05443B2046923F00F2C255 /* DOUAudioLPCM.h */,
				3F05443C2046923F00F2C255 /* DOUAudioLPCM.m */,
				3F05443D2046923F00F2C255 /* DOUAudioPlaybackItem.h */,
				3F05443E2046923F00F2C255 /* DOUAudioPlaybackItem.m */,
				3F05443F2046923F00F2C255 /* DOUAudioRenderer.h */,
				3F0544402046923F00F2C255 /* DOUAudioRenderer.m */,
				3F0544412046923F00F2C255 /* DOUAudioSpatialAnalyzer.h */,
				3F0544422046923F00F2C255 /* DOUAudioSpatialAnalyzer.m */,
				3F0544432046923F00F2C255 /* DOUAudioStreamer+Options.h */,
				3F0544442046923F00F2C255 /* DOUAudioStreamer+Options.m */,
				3F0544452046923F00F2C255 /* DOUAudioStreamer.h */,
				3F0544462046923F00F2C255 /* DOUAudioStreamer.m */,
				3F0544472046923F00F2C255 /* DOUAudioStreamer_Private.h */,
				3F0544482046923F00F2C255 /* DOUAudioVisualizer.h */,
				3F0544492046923F00F2C255 /* DOUAudioVisualizer.m */,
				3F05444A2046923F00F2C255 /* DOUEAGLView.h */,
				3F05444B2046923F00F2C255 /* DOUEAGLView.m */,
				3F05444C2046923F00F2C255 /* DOUMPMediaLibraryAssetLoader.h */,
				3F05444D2046923F00F2C255 /* DOUMPMediaLibraryAssetLoader.m */,
				3F05444E2046923F00F2C255 /* DOUSimpleHTTPRequest.h */,
				3F05444F2046923F00F2C255 /* DOUSimpleHTTPRequest.m */,
				3F0544502046923F00F2C255 /* NSData+DOUMappedFile.h */,
				3F0544512046923F00F2C255 /* NSData+DOUMappedFile.m */,
			);
			path = src;
			sourceTree = "<group>";
		};
		3F0544522046923F00F2C255 /* StreamVoice */ = {
			isa = PBXGroup;
			children = (
				3F0544532046923F00F2C255 /* AudioToolManager.h */,
				3F0544542046923F00F2C255 /* AudioToolManager.m */,
				3F0544552046923F00F2C255 /* Track.h */,
				3F0544562046923F00F2C255 /* Track.m */,
			);
			path = StreamVoice;
			sourceTree = "<group>";
		};
		3F4A230A1FF4D1F00055797A = {
			isa = PBXGroup;
			children = (
				3F4A23151FF4D1F00055797A /* Vae_ManagerTools */,
				3F4A232E1FF4D1F00055797A /* Vae_ManagerToolsTests */,
				3F4A23391FF4D1F00055797A /* Vae_ManagerToolsUITests */,
				3F4A23141FF4D1F00055797A /* Products */,
				0CAF95E3BF25C5F2E352E457 /* Pods */,
				DB73B3135C9221DB50705A6E /* Frameworks */,
			);
			sourceTree = "<group>";
		};
		3F4A23141FF4D1F00055797A /* Products */ = {
			isa = PBXGroup;
			children = (
				3F4A23131FF4D1F00055797A /* Vae_ManagerTools.app */,
				3F4A232B1FF4D1F00055797A /* Vae_ManagerToolsTests.xctest */,
				3F4A23361FF4D1F00055797A /* Vae_ManagerToolsUITests.xctest */,
			);
			name = Products;
			sourceTree = "<group>";
		};
		3F4A23151FF4D1F00055797A /* Vae_ManagerTools */ = {
			isa = PBXGroup;
			children = (
				3F4A234F1FF4DCED0055797A /* Classes */,
				3F4A23191FF4D1F00055797A /* ViewController.h */,
				3F4A231A1FF4D1F00055797A /* ViewController.m */,
				3F4A231C1FF4D1F00055797A /* Main.storyboard */,
				3F4A231F1FF4D1F00055797A /* Assets.xcassets */,
				3F4A23211FF4D1F00055797A /* LaunchScreen.storyboard */,
				3F4A23241FF4D1F00055797A /* Info.plist */,
				3F4A23251FF4D1F00055797A /* main.m */,
			);
			path = Vae_ManagerTools;
			sourceTree = "<group>";
		};
		3F4A232E1FF4D1F00055797A /* Vae_ManagerToolsTests */ = {
			isa = PBXGroup;
			children = (
				3F4A232F1FF4D1F00055797A /* Vae_ManagerToolsTests.m */,
				3F4A23311FF4D1F00055797A /* Info.plist */,
			);
			path = Vae_ManagerToolsTests;
			sourceTree = "<group>";
		};
		3F4A23391FF4D1F00055797A /* Vae_ManagerToolsUITests */ = {
			isa = PBXGroup;
			children = (
				3F4A233A1FF4D1F00055797A /* Vae_ManagerToolsUITests.m */,
				3F4A233C1FF4D1F00055797A /* Info.plist */,
			);
			path = Vae_ManagerToolsUITests;
			sourceTree = "<group>";
		};
		3F4A23481FF4DAE80055797A /* AppDelegate */ = {
			isa = PBXGroup;
			children = (
				3F4A23491FF4DB6B0055797A /* VaeAppDelegate.h */,
				3F4A234A1FF4DB6B0055797A /* VaeAppDelegate.m */,
				3F4A234C1FF4DBB90055797A /* VaeAppDelegate+ConfigNavBar.h */,
				3F4A234D1FF4DBB90055797A /* VaeAppDelegate+ConfigNavBar.m */,
			);
			path = AppDelegate;
			sourceTree = "<group>";
		};
		3F4A234F1FF4DCED0055797A /* Classes */ = {
			isa = PBXGroup;
			children = (
				3F4A23DA1FF4EBD50055797A /* TabBarVCs */,
				3F4A23BE1FF4E5A90055797A /* Category */,
				3F4A23611FF4DFF90055797A /* ThirdParty */,
				3F4A235F1FF4DF050055797A /* PCH */,
				3F4A235E1FF4DEEF0055797A /* Tool */,
				3F4A23501FF4DD3F0055797A /* Base */,
				3F4A23481FF4DAE80055797A /* AppDelegate */,
			);
			path = Classes;
			sourceTree = "<group>";
		};
		3F4A23501FF4DD3F0055797A /* Base */ = {
			isa = PBXGroup;
			children = (
				3F4A23571FF4DDB80055797A /* BaseTabBarController */,
				3F4A23511FF4DD660055797A /* VaeBaseViewController.h */,
				3F4A23521FF4DD660055797A /* VaeBaseViewController.m */,
				3F4A23541FF4DDAE0055797A /* VaeNavigationController.h */,
				3F4A23551FF4DDAE0055797A /* VaeNavigationController.m */,
				3F4A23B31FF4E2120055797A /* VaeBaseWebViewController.h */,
				3F4A23B41FF4E2120055797A /* VaeBaseWebViewController.m */,
			);
			path = Base;
			sourceTree = "<group>";
		};
		3F4A23571FF4DDB80055797A /* BaseTabBarController */ = {
			isa = PBXGroup;
			children = (
				3F4A23581FF4DDE50055797A /* VaeTabBarController.h */,
				3F4A23591FF4DDE50055797A /* VaeTabBarController.m */,
				3F4A235B1FF4DDF40055797A /* VaeTabBar.h */,
				3F4A235C1FF4DDF40055797A /* VaeTabBar.m */,
			);
			path = BaseTabBarController;
			sourceTree = "<group>";
		};
		3F4A235E1FF4DEEF0055797A /* Tool */ = {
			isa = PBXGroup;
			children = (
				3F9FE015207F3E1100D2121C /* MYHHttpApi */,
				3F054485204693C600F2C255 /* AppInterface.h */,
				3F054484204693C500F2C255 /* AppInterface.m */,
				3F4A23F61FF4EEFF0055797A /* SSLayerAnimation.h */,
				3F4A23F71FF4EEFF0055797A /* SSLayerAnimation.m */,
				3F4A23D51FF4E7B30055797A /* Tool.h */,
				3F4A23D41FF4E7B20055797A /* Tool.m */,
				3F4A23D21FF4E7390055797A /* Utils.h */,
				3F4A23D11FF4E7380055797A /* Utils.m */,
				3F4A23CE1FF4E63A0055797A /* MapTool.h */,
				3F4A23CF1FF4E63B0055797A /* MapTool.m */,
				3F4A23CB1FF4E61A0055797A /* Helper.h */,
				3F4A23CC1FF4E61B0055797A /* Helper.m */,
				3F4A23B91FF4E3A10055797A /* Config.h */,
				3F4A23B11FF4E15B0055797A /* HudCenter.h */,
				3F4A23B01FF4E14F0055797A /* HudCenter.m */,
			);
			path = Tool;
			sourceTree = "<group>";
		};
		3F4A235F1FF4DF050055797A /* PCH */ = {
			isa = PBXGroup;
			children = (
				3F4A23601FF4DF400055797A /* VaeHeadTool.pch */,
			);
			path = PCH;
			sourceTree = "<group>";
		};
		3F4A23611FF4DFF90055797A /* ThirdParty */ = {
			isa = PBXGroup;
			children = (
				3F05440C2046923E00F2C255 /* CEStreamVoiceManager */,
				3F4A23BD1FF4E4D40055797A /* MMHud */,
				3F4A23A81FF4E0700055797A /* WebProgressView */,
				3F4A238D1FF4E0450055797A /* PSRefresh */,
				3F4A23811FF4E02C0055797A /* MBProgressHUD */,
				3F4A236E1FF4E0250055797A /* LCActionSheet */,
				3F4A23621FF4E0140055797A /* KSGuaidView */,
			);
			path = ThirdParty;
			sourceTree = "<group>";
		};
		3F4A23621FF4E0140055797A /* KSGuaidView */ = {
			isa = PBXGroup;
			children = (
				3F4A23651FF4E0140055797A /* KSGuaidProperty.plist */,
				3F4A23661FF4E0140055797A /* KSGuaidViewCell.h */,
				3F4A23671FF4E0140055797A /* KSGuaidViewCell.m */,
				3F4A23681FF4E0140055797A /* KSGuaidViewController.h */,
				3F4A23691FF4E0140055797A /* KSGuaidViewController.m */,
				3F4A23D71FF4EA3E0055797A /* VaeAppDelegate+Guaid.h */,
				3F4A23D81FF4EA3E0055797A /* VaeAppDelegate+Guaid.m */,
			);
			path = KSGuaidView;
			sourceTree = "<group>";
		};
		3F4A236E1FF4E0250055797A /* LCActionSheet */ = {
			isa = PBXGroup;
			children = (
				3F4A236F1FF4E0250055797A /* LCActionSheet.h */,
				3F4A23701FF4E0250055797A /* LCActionSheet.m */,
				3F4A23711FF4E0250055797A /* LCActionSheetCell.h */,
				3F4A23721FF4E0250055797A /* LCActionSheetCell.m */,
				3F4A23731FF4E0250055797A /* LCActionSheetConfig.h */,
				3F4A23741FF4E0250055797A /* LCActionSheetConfig.m */,
				3F4A23751FF4E0250055797A /* LCActionSheetViewController.h */,
				3F4A23761FF4E0250055797A /* LCActionSheetViewController.m */,
				3F4A23771FF4E0250055797A /* UIDevice+LCActionSheet.h */,
				3F4A23781FF4E0250055797A /* UIDevice+LCActionSheet.m */,
				3F4A23791FF4E0250055797A /* UIImage+LCActionSheet.h */,
				3F4A237A1FF4E0250055797A /* UIImage+LCActionSheet.m */,
			);
			path = LCActionSheet;
			sourceTree = "<group>";
		};
		3F4A23811FF4E02C0055797A /* MBProgressHUD */ = {
			isa = PBXGroup;
			children = (
				3F4A23821FF4E02C0055797A /* MBProgressHUD+MJ.h */,
				3F4A23831FF4E02C0055797A /* MBProgressHUD+MJ.m */,
				3F4A23841FF4E02C0055797A /* MBProgressHUD.bundle */,
				3F4A23851FF4E02C0055797A /* MBProgressHUD.h */,
				3F4A23861FF4E02C0055797A /* MBProgressHUD.m */,
				3F4A23871FF4E02C0055797A /* SNLoading.h */,
				3F4A23881FF4E02C0055797A /* SNLoading.m */,
			);
			path = MBProgressHUD;
			sourceTree = "<group>";
		};
		3F4A238D1FF4E0450055797A /* PSRefresh */ = {
			isa = PBXGroup;
			children = (
				3F4A238E1FF4E0450055797A /* arrow@2x.png */,
				3F4A238F1FF4E0450055797A /* PSBaseRefreshControl.h */,
				3F4A23901FF4E0450055797A /* PSBaseRefreshControl.m */,
				3F4A23911FF4E0450055797A /* PSRefreshConfig.h */,
				3F4A23921FF4E0450055797A /* PSRefreshFooter */,
				3F4A23971FF4E0450055797A /* PSRefreshHeader */,
				3F4A239C1FF4E0450055797A /* UIScrollView+PSRefresh.h */,
				3F4A239D1FF4E0450055797A /* UIScrollView+PSRefresh.m */,
				3F4A239E1FF4E0450055797A /* UIView+PSFrame.h */,
				3F4A239F1FF4E0450055797A /* UIView+PSFrame.m */,
			);
			path = PSRefresh;
			sourceTree = "<group>";
		};
		3F4A23921FF4E0450055797A /* PSRefreshFooter */ = {
			isa = PBXGroup;
			children = (
				3F4A23931FF4E0450055797A /* PSGifRefreshFooter.h */,
				3F4A23941FF4E0450055797A /* PSGifRefreshFooter.m */,
				3F4A23951FF4E0450055797A /* PSNormalRefreshFooter.h */,
				3F4A23961FF4E0450055797A /* PSNormalRefreshFooter.m */,
			);
			path = PSRefreshFooter;
			sourceTree = "<group>";
		};
		3F4A23971FF4E0450055797A /* PSRefreshHeader */ = {
			isa = PBXGroup;
			children = (
				3F4A23981FF4E0450055797A /* PSGifRefreshHeader.h */,
				3F4A23991FF4E0450055797A /* PSGifRefreshHeader.m */,
				3F4A239A1FF4E0450055797A /* PSNormalRefreshHeader.h */,
				3F4A239B1FF4E0450055797A /* PSNormalRefreshHeader.m */,
			);
			path = PSRefreshHeader;
			sourceTree = "<group>";
		};
		3F4A23A81FF4E0700055797A /* WebProgressView */ = {
			isa = PBXGroup;
			children = (
				3F4A23A91FF4E0700055797A /* YHWebViewProgress.h */,
				3F4A23AA1FF4E0700055797A /* YHWebViewProgress.m */,
				3F4A23AB1FF4E0700055797A /* YHWebViewProgressView.h */,
				3F4A23AC1FF4E0700055797A /* YHWebViewProgressView.m */,
				3F4A23AD1FF4E0700055797A /* YHWebViewProgressViewProtocol.h */,
			);
			path = WebProgressView;
			sourceTree = "<group>";
		};
		3F4A23BD1FF4E4D40055797A /* MMHud */ = {
			isa = PBXGroup;
			children = (
				3F4A23BA1FF4E4BE0055797A /* MMMaterialDesignSpinner.h */,
				3F4A23BB1FF4E4BE0055797A /* MMMaterialDesignSpinner.m */,
			);
			path = MMHud;
			sourceTree = "<group>";
		};
		3F4A23BE1FF4E5A90055797A /* Category */ = {
			isa = PBXGroup;
			children = (
				3F4A23F41FF4EED90055797A /* UIFont+Extension.h */,
				3F4A23F31FF4EED80055797A /* UIFont+Extension.m */,
				3F4A23F11FF4EE050055797A /* UIBarButtonItem+Extension.h */,
				3F4A23F01FF4EE050055797A /* UIBarButtonItem+Extension.m */,
				3F4A23B61FF4E36F0055797A /* NSObject+BaseObject.h */,
				3F4A23B71FF4E36F0055797A /* NSObject+BaseObject.m */,
				3F4A23C81FF4E5E30055797A /* UIViewController+BarButton.h */,
				3F4A23C91FF4E5E30055797A /* UIViewController+BarButton.m */,
				3F4A23C51FF4E5D10055797A /* UINavigationController+FDFullscreenPopGesture.h */,
				3F4A23C61FF4E5D10055797A /* UINavigationController+FDFullscreenPopGesture.m */,
				3F4A23C11FF4E5BE0055797A /* UIColor+Tools.h */,
				3F4A23BF1FF4E5BE0055797A /* UIColor+Tools.m */,
				3F4A23C21FF4E5BE0055797A /* UIControl+recurClick.h */,
				3F4A23C01FF4E5BE0055797A /* UIControl+recurClick.m */,
			);
			path = Category;
			sourceTree = "<group>";
		};
		3F4A23DA1FF4EBD50055797A /* TabBarVCs */ = {
			isa = PBXGroup;
			children = (
				3F4A23DD1FF4EC020055797A /* Message */,
				3F4A23DC1FF4EBFD0055797A /* Mine */,
				3F4A23DB1FF4EBF80055797A /* Home */,
			);
			path = TabBarVCs;
			sourceTree = "<group>";
		};
		3F4A23DB1FF4EBF80055797A /* Home */ = {
			isa = PBXGroup;
			children = (
				3F4A23E01FF4EC160055797A /* View */,
				3F4A23DF1FF4EC110055797A /* Model */,
				3F4A23DE1FF4EC090055797A /* Controller */,
			);
			path = Home;
			sourceTree = "<group>";
		};
		3F4A23DC1FF4EBFD0055797A /* Mine */ = {
			isa = PBXGroup;
			children = (
				3F4A23EC1FF4ED6B0055797A /* Controller */,
				3F4A23EB1FF4ED660055797A /* View */,
				3F4A23EA1FF4ED620055797A /* Model */,
			);
			path = Mine;
			sourceTree = "<group>";
		};
		3F4A23DD1FF4EC020055797A /* Message */ = {
			isa = PBXGroup;
			children = (
				3F4A23E31FF4EC300055797A /* Controller */,
				3F4A23E21FF4EC240055797A /* View */,
				3F4A23E11FF4EC1E0055797A /* Model */,
			);
			path = Message;
			sourceTree = "<group>";
		};
		3F4A23DE1FF4EC090055797A /* Controller */ = {
			isa = PBXGroup;
			children = (
				3F4A23E71FF4ED5E0055797A /* HomeViewController.h */,
				3F4A23E81FF4ED5E0055797A /* HomeViewController.m */,
			);
			path = Controller;
			sourceTree = "<group>";
		};
		3F4A23DF1FF4EC110055797A /* Model */ = {
			isa = PBXGroup;
			children = (
			);
			path = Model;
			sourceTree = "<group>";
		};
		3F4A23E01FF4EC160055797A /* View */ = {
			isa = PBXGroup;
			children = (
			);
			path = View;
			sourceTree = "<group>";
		};
		3F4A23E11FF4EC1E0055797A /* Model */ = {
			isa = PBXGroup;
			children = (
				3F9FDFF5207B4DA000D2121C /* MessageModel.h */,
				3F9FDFF6207B4DA000D2121C /* MessageModel.m */,
			);
			path = Model;
			sourceTree = "<group>";
		};
		3F4A23E21FF4EC240055797A /* View */ = {
			isa = PBXGroup;
			children = (
				3F9FE004207B59AB00D2121C /* UIView+Extension.h */,
				3F9FE005207B59AB00D2121C /* UIView+Extension.m */,
				3F9FE002207B585100D2121C /* MineOrderTopView.h */,
				3F9FE001207B585100D2121C /* MineOrderTopView.m */,
				3F9FDFFE207B571400D2121C /* HomeSelectView.h */,
				3F9FDFFF207B571400D2121C /* HomeSelectView.m */,
				3F9FDFF8207B4F3B00D2121C /* HorizenButton.h */,
				3F9FDFF9207B4F3B00D2121C /* HorizenButton.m */,
				3F9FDFF2207B4D8D00D2121C /* MessageCell.h */,
				3F9FDFF3207B4D8D00D2121C /* MessageCell.m */,
			);
			path = View;
			sourceTree = "<group>";
		};
		3F4A23E31FF4EC300055797A /* Controller */ = {
			isa = PBXGroup;
			children = (
				3F4A23E41FF4ED540055797A /* MessageViewController.h */,
				3F4A23E51FF4ED540055797A /* MessageViewController.m */,
				3F9FDFEF207B4CAD00D2121C /* MessageSubViewController.h */,
				3F9FDFF0207B4CAD00D2121C /* MessageSubViewController.m */,
			);
			path = Controller;
			sourceTree = "<group>";
		};
		3F4A23EA1FF4ED620055797A /* Model */ = {
			isa = PBXGroup;
			children = (
			);
			path = Model;
			sourceTree = "<group>";
		};
		3F4A23EB1FF4ED660055797A /* View */ = {
			isa = PBXGroup;
			children = (
			);
			path = View;
			sourceTree = "<group>";
		};
		3F4A23EC1FF4ED6B0055797A /* Controller */ = {
			isa = PBXGroup;
			children = (
				3F4A23ED1FF4ED780055797A /* MineViewController.h */,
				3F4A23EE1FF4ED780055797A /* MineViewController.m */,
			);
			path = Controller;
			sourceTree = "<group>";
		};
		3F9FE015207F3E1100D2121C /* MYHHttpApi */ = {
			isa = PBXGroup;
			children = (
				3F9FE01C207F3E7C00D2121C /* SSRequest.h */,
				3F9FE01D207F3E7F00D2121C /* SSRequest.m */,
				3F9FE016207F3E1200D2121C /* MYHAPIRequest.h */,
				3F9FE017207F3E1300D2121C /* MYHAPIRequest.m */,
				3F9FE018207F3E1300D2121C /* MYHExtentionProtocol.h */,
				3F9FE019207F3E1300D2121C /* MYHRequestProtocol.h */,
				3F9FE01A207F3E1300D2121C /* MYHResponseProtocol.h */,
			);
			path = MYHHttpApi;
			sourceTree = "<group>";
		};
		DB73B3135C9221DB50705A6E /* Frameworks */ = {
			isa = PBXGroup;
			children = (
				7B54F9A191D0A7BB6392E57A /* libPods-Vae_ManagerTools.a */,
			);
			name = Frameworks;
			sourceTree = "<group>";
		};
/* End PBXGroup section */

/* Begin PBXNativeTarget section */
		3F4A23121FF4D1F00055797A /* Vae_ManagerTools */ = {
			isa = PBXNativeTarget;
			buildConfigurationList = 3F4A233F1FF4D1F00055797A /* Build configuration list for PBXNativeTarget "Vae_ManagerTools" */;
			buildPhases = (
				C197061C5D12C0A0501453D9 /* [CP] Check Pods Manifest.lock */,
				3F4A230F1FF4D1F00055797A /* Sources */,
				3F4A23101FF4D1F00055797A /* Frameworks */,
				3F4A23111FF4D1F00055797A /* Resources */,
				551BCA4B7F25E2556631B4B7 /* [CP] Embed Pods Frameworks */,
				BE766458B9A61A456B12BD8E /* [CP] Copy Pods Resources */,
			);
			buildRules = (
			);
			dependencies = (
			);
			name = Vae_ManagerTools;
			productName = Vae_ManagerTools;
			productReference = 3F4A23131FF4D1F00055797A /* Vae_ManagerTools.app */;
			productType = "com.apple.product-type.application";
		};
		3F4A232A1FF4D1F00055797A /* Vae_ManagerToolsTests */ = {
			isa = PBXNativeTarget;
			buildConfigurationList = 3F4A23421FF4D1F00055797A /* Build configuration list for PBXNativeTarget "Vae_ManagerToolsTests" */;
			buildPhases = (
				3F4A23271FF4D1F00055797A /* Sources */,
				3F4A23281FF4D1F00055797A /* Frameworks */,
				3F4A23291FF4D1F00055797A /* Resources */,
			);
			buildRules = (
			);
			dependencies = (
				3F4A232D1FF4D1F00055797A /* PBXTargetDependency */,
			);
			name = Vae_ManagerToolsTests;
			productName = Vae_ManagerToolsTests;
			productReference = 3F4A232B1FF4D1F00055797A /* Vae_ManagerToolsTests.xctest */;
			productType = "com.apple.product-type.bundle.unit-test";
		};
		3F4A23351FF4D1F00055797A /* Vae_ManagerToolsUITests */ = {
			isa = PBXNativeTarget;
			buildConfigurationList = 3F4A23451FF4D1F00055797A /* Build configuration list for PBXNativeTarget "Vae_ManagerToolsUITests" */;
			buildPhases = (
				3F4A23321FF4D1F00055797A /* Sources */,
				3F4A23331FF4D1F00055797A /* Frameworks */,
				3F4A23341FF4D1F00055797A /* Resources */,
			);
			buildRules = (
			);
			dependencies = (
				3F4A23381FF4D1F00055797A /* PBXTargetDependency */,
			);
			name = Vae_ManagerToolsUITests;
			productName = Vae_ManagerToolsUITests;
			productReference = 3F4A23361FF4D1F00055797A /* Vae_ManagerToolsUITests.xctest */;
			productType = "com.apple.product-type.bundle.ui-testing";
		};
/* End PBXNativeTarget section */

/* Begin PBXProject section */
		3F4A230B1FF4D1F00055797A /* Project object */ = {
			isa = PBXProject;
			attributes = {
				LastUpgradeCheck = 0910;
				ORGANIZATIONNAME = "闵玉辉";
				TargetAttributes = {
					3F4A23121FF4D1F00055797A = {
						CreatedOnToolsVersion = 9.1;
						ProvisioningStyle = Automatic;
					};
					3F4A232A1FF4D1F00055797A = {
						CreatedOnToolsVersion = 9.1;
						ProvisioningStyle = Automatic;
						TestTargetID = 3F4A23121FF4D1F00055797A;
					};
					3F4A23351FF4D1F00055797A = {
						CreatedOnToolsVersion = 9.1;
						ProvisioningStyle = Automatic;
						TestTargetID = 3F4A23121FF4D1F00055797A;
					};
				};
			};
			buildConfigurationList = 3F4A230E1FF4D1F00055797A /* Build configuration list for PBXProject "Vae_ManagerTools" */;
			compatibilityVersion = "Xcode 8.0";
			developmentRegion = en;
			hasScannedForEncodings = 0;
			knownRegions = (
				en,
				Base,
			);
			mainGroup = 3F4A230A1FF4D1F00055797A;
			productRefGroup = 3F4A23141FF4D1F00055797A /* Products */;
			projectDirPath = "";
			projectRoot = "";
			targets = (
				3F4A23121FF4D1F00055797A /* Vae_ManagerTools */,
				3F4A232A1FF4D1F00055797A /* Vae_ManagerToolsTests */,
				3F4A23351FF4D1F00055797A /* Vae_ManagerToolsUITests */,
			);
		};
/* End PBXProject section */

/* Begin PBXResourcesBuildPhase section */
		3F4A23111FF4D1F00055797A /* Resources */ = {
			isa = PBXResourcesBuildPhase;
			buildActionMask = 2147483647;
			files = (
				3F05445B2046923F00F2C255 /* HUD_error@3x.png in Resources */,
				3F0544582046923F00F2C255 /* emj@2x.png in Resources */,
				3F4A236B1FF4E0140055797A /* KSGuaidProperty.plist in Resources */,
				3F05445E2046923F00F2C255 /* HUD_success@2x.png in Resources */,
				3F05445A2046923F00F2C255 /* HUD_error@2x.png in Resources */,
				3F4A23231FF4D1F00055797A /* LaunchScreen.storyboard in Resources */,
				3F4A23A01FF4E0450055797A /* arrow@2x.png in Resources */,
				3F0544592046923F00F2C255 /* emj@3x.png in Resources */,
				3F4A238A1FF4E02C0055797A /* MBProgressHUD.bundle in Resources */,
				3F05445F2046923F00F2C255 /* HUD_success@3x.png in Resources */,
				3F4A23201FF4D1F00055797A /* Assets.xcassets in Resources */,
				3F05445D2046923F00F2C255 /* HUD_info@3x.png in Resources */,
				3F05445C2046923F00F2C255 /* HUD_info@2x.png in Resources */,
				3F4A231E1FF4D1F00055797A /* Main.storyboard in Resources */,
			);
			runOnlyForDeploymentPostprocessing = 0;
		};
		3F4A23291FF4D1F00055797A /* Resources */ = {
			isa = PBXResourcesBuildPhase;
			buildActionMask = 2147483647;
			files = (
			);
			runOnlyForDeploymentPostprocessing = 0;
		};
		3F4A23341FF4D1F00055797A /* Resources */ = {
			isa = PBXResourcesBuildPhase;
			buildActionMask = 2147483647;
			files = (
			);
			runOnlyForDeploymentPostprocessing = 0;
		};
/* End PBXResourcesBuildPhase section */

/* Begin PBXShellScriptBuildPhase section */
		551BCA4B7F25E2556631B4B7 /* [CP] Embed Pods Frameworks */ = {
			isa = PBXShellScriptBuildPhase;
			buildActionMask = 2147483647;
			files = (
			);
			inputPaths = (
			);
			name = "[CP] Embed Pods Frameworks";
			outputPaths = (
			);
			runOnlyForDeploymentPostprocessing = 0;
			shellPath = /bin/sh;
			shellScript = "\"${SRCROOT}/Pods/Target Support Files/Pods-Vae_ManagerTools/Pods-Vae_ManagerTools-frameworks.sh\"\n";
			showEnvVarsInLog = 0;
		};
		BE766458B9A61A456B12BD8E /* [CP] Copy Pods Resources */ = {
			isa = PBXShellScriptBuildPhase;
			buildActionMask = 2147483647;
			files = (
			);
			inputPaths = (
				"${SRCROOT}/Pods/Target Support Files/Pods-Vae_ManagerTools/Pods-Vae_ManagerTools-resources.sh",
				"${PODS_ROOT}/MJRefresh/MJRefresh/MJRefresh.bundle",
				"${PODS_ROOT}/SVProgressHUD/SVProgressHUD/SVProgressHUD.bundle",
			);
			name = "[CP] Copy Pods Resources";
			outputPaths = (
				"${TARGET_BUILD_DIR}/${UNLOCALIZED_RESOURCES_FOLDER_PATH}",
			);
			runOnlyForDeploymentPostprocessing = 0;
			shellPath = /bin/sh;
			shellScript = "\"${SRCROOT}/Pods/Target Support Files/Pods-Vae_ManagerTools/Pods-Vae_ManagerTools-resources.sh\"\n";
			showEnvVarsInLog = 0;
		};
		C197061C5D12C0A0501453D9 /* [CP] Check Pods Manifest.lock */ = {
			isa = PBXShellScriptBuildPhase;
			buildActionMask = 2147483647;
			files = (
			);
			inputPaths = (
				"${PODS_PODFILE_DIR_PATH}/Podfile.lock",
				"${PODS_ROOT}/Manifest.lock",
			);
			name = "[CP] Check Pods Manifest.lock";
			outputPaths = (
				"$(DERIVED_FILE_DIR)/Pods-Vae_ManagerTools-checkManifestLockResult.txt",
			);
			runOnlyForDeploymentPostprocessing = 0;
			shellPath = /bin/sh;
			shellScript = "diff \"${PODS_PODFILE_DIR_PATH}/Podfile.lock\" \"${PODS_ROOT}/Manifest.lock\" > /dev/null\nif [ $? != 0 ] ; then\n    # print error to STDERR\n    echo \"error: The sandbox is not in sync with the Podfile.lock. Run 'pod install' or update your CocoaPods installation.\" >&2\n    exit 1\nfi\n# This output is used by Xcode 'outputs' to avoid re-running this script phase.\necho \"SUCCESS\" > \"${SCRIPT_OUTPUT_FILE_0}\"\n";
			showEnvVarsInLog = 0;
		};
/* End PBXShellScriptBuildPhase section */

/* Begin PBXSourcesBuildPhase section */
		3F4A230F1FF4D1F00055797A /* Sources */ = {
			isa = PBXSourcesBuildPhase;
			buildActionMask = 2147483647;
			files = (
				3F4A23B21FF4E15C0055797A /* HudCenter.m in Sources */,
				3F4A23A31FF4E0450055797A /* PSNormalRefreshFooter.m in Sources */,
				3F4A23891FF4E02C0055797A /* MBProgressHUD+MJ.m in Sources */,
				3F4A23D31FF4E7390055797A /* Utils.m in Sources */,
				3F4A23C31FF4E5BE0055797A /* UIColor+Tools.m in Sources */,
				3F4A236D1FF4E0140055797A /* KSGuaidViewController.m in Sources */,
				3F0544782046923F00F2C255 /* NSData+DOUMappedFile.m in Sources */,
				3F4A23E61FF4ED540055797A /* MessageViewController.m in Sources */,
				3F0544662046923F00F2C255 /* XHSoundRecorder.m in Sources */,
				3F4A23561FF4DDAE0055797A /* VaeNavigationController.m in Sources */,
				3F0544772046923F00F2C255 /* DOUSimpleHTTPRequest.m in Sources */,
				3F4A23B81FF4E36F0055797A /* NSObject+BaseObject.m in Sources */,
				3F05446D2046923F00F2C255 /* DOUAudioFrequencyAnalyzer.m in Sources */,
				3F4A23A71FF4E0450055797A /* UIView+PSFrame.m in Sources */,
				3F4A23BC1FF4E4BE0055797A /* MMMaterialDesignSpinner.m in Sources */,
				3F05446B2046923F00F2C255 /* DOUAudioFilePreprocessor.m in Sources */,
				3F4A23CD1FF4E61B0055797A /* Helper.m in Sources */,
				3F0544602046923F00F2C255 /* NSObject+ALiHUD.m in Sources */,
				3F4A23D01FF4E63B0055797A /* MapTool.m in Sources */,
				3F9FDFF4207B4D8D00D2121C /* MessageCell.m in Sources */,
				3F9FE006207B59AB00D2121C /* UIView+Extension.m in Sources */,
				3F4A237F1FF4E0250055797A /* UIDevice+LCActionSheet.m in Sources */,
				3F9FDFFA207B4F3B00D2121C /* HorizenButton.m in Sources */,
				3F4A23E91FF4ED5E0055797A /* HomeViewController.m in Sources */,
				3F0544742046923F00F2C255 /* DOUAudioVisualizer.m in Sources */,
				3F4A23D61FF4E7B30055797A /* Tool.m in Sources */,
				3F4A231B1FF4D1F00055797A /* ViewController.m in Sources */,
				3F4A23261FF4D1F00055797A /* main.m in Sources */,
				3F05447A2046923F00F2C255 /* Track.m in Sources */,
				3F4A23F81FF4EEFF0055797A /* SSLayerAnimation.m in Sources */,
				3F0544722046923F00F2C255 /* DOUAudioStreamer+Options.m in Sources */,
				3F4A23CA1FF4E5E30055797A /* UIViewController+BarButton.m in Sources */,
				3F4A238B1FF4E02C0055797A /* MBProgressHUD.m in Sources */,
				3F4A235A1FF4DDE50055797A /* VaeTabBarController.m in Sources */,
				3F4A236C1FF4E0140055797A /* KSGuaidViewCell.m in Sources */,
				3F0544622046923F00F2C255 /* LVRecordTool.m in Sources */,
				3F4A23B51FF4E2120055797A /* VaeBaseWebViewController.m in Sources */,
				3F05446E2046923F00F2C255 /* DOUAudioLPCM.m in Sources */,
				3F0544652046923F00F2C255 /* SpectrumView.m in Sources */,
				3F4A23A21FF4E0450055797A /* PSGifRefreshFooter.m in Sources */,
				3F0544682046923F00F2C255 /* DOUAudioAnalyzer.m in Sources */,
				3F4A23F21FF4EE050055797A /* UIBarButtonItem+Extension.m in Sources */,
				3F4A237C1FF4E0250055797A /* LCActionSheetCell.m in Sources */,
				3F4A23F51FF4EED90055797A /* UIFont+Extension.m in Sources */,
				3F4A23D91FF4EA3E0055797A /* VaeAppDelegate+Guaid.m in Sources */,
				3F05446A2046923F00F2C255 /* DOUAudioEventLoop.m in Sources */,
				3F4A234B1FF4DB6B0055797A /* VaeAppDelegate.m in Sources */,
				3F4A23EF1FF4ED780055797A /* MineViewController.m in Sources */,
				3F9FE000207B571500D2121C /* HomeSelectView.m in Sources */,
				3F05446C2046923F00F2C255 /* DOUAudioFileProvider.m in Sources */,
				3F9FDFF7207B4DA000D2121C /* MessageModel.m in Sources */,
				3F05446F2046923F00F2C255 /* DOUAudioPlaybackItem.m in Sources */,
				3F0544732046923F00F2C255 /* DOUAudioStreamer.m in Sources */,
				3F054486204693C600F2C255 /* AppInterface.m in Sources */,
				3F4A23801FF4E0250055797A /* UIImage+LCActionSheet.m in Sources */,
				3F4A237B1FF4E0250055797A /* LCActionSheet.m in Sources */,
				3F4A23AE1FF4E0710055797A /* YHWebViewProgress.m in Sources */,
				3F4A23AF1FF4E0710055797A /* YHWebViewProgressView.m in Sources */,
				3F9FE003207B585100D2121C /* MineOrderTopView.m in Sources */,
				3F4A23A51FF4E0450055797A /* PSNormalRefreshHeader.m in Sources */,
				3F0544762046923F00F2C255 /* DOUMPMediaLibraryAssetLoader.m in Sources */,
				3F9FE01E207F3E8000D2121C /* SSRequest.m in Sources */,
				3F4A23A41FF4E0450055797A /* PSGifRefreshHeader.m in Sources */,
				3F9FE01B207F3E2A00D2121C /* MYHAPIRequest.m in Sources */,
				3F4A23C41FF4E5BE0055797A /* UIControl+recurClick.m in Sources */,
				3F4A237D1FF4E0250055797A /* LCActionSheetConfig.m in Sources */,
				3F0544692046923F00F2C255 /* DOUAudioDecoder.m in Sources */,
				3F0544672046923F00F2C255 /* DOUAudioAnalyzer+Default.m in Sources */,
				3F0544632046923F00F2C255 /* MultyRecordTool.m in Sources */,
				3F0544712046923F00F2C255 /* DOUAudioSpatialAnalyzer.m in Sources */,
				3F0544642046923F00F2C255 /* PlayRecordSpectrumView.m in Sources */,
				3F9FDFF1207B4CAD00D2121C /* MessageSubViewController.m in Sources */,
				3F0544572046923F00F2C255 /* ALiProgressHUD.m in Sources */,
				3F0544792046923F00F2C255 /* AudioToolManager.m in Sources */,
				3F4A23531FF4DD660055797A /* VaeBaseViewController.m in Sources */,
				3F4A237E1FF4E0250055797A /* LCActionSheetViewController.m in Sources */,
				3F0544752046923F00F2C255 /* DOUEAGLView.m in Sources */,
				3F4A23C71FF4E5D10055797A /* UINavigationController+FDFullscreenPopGesture.m in Sources */,
				3F4A238C1FF4E02C0055797A /* SNLoading.m in Sources */,
				3F4A235D1FF4DDF40055797A /* VaeTabBar.m in Sources */,
				3F4A234E1FF4DBB90055797A /* VaeAppDelegate+ConfigNavBar.m in Sources */,
				3F4A23A61FF4E0450055797A /* UIScrollView+PSRefresh.m in Sources */,
				3F0544702046923F00F2C255 /* DOUAudioRenderer.m in Sources */,
				3F4A23A11FF4E0450055797A /* PSBaseRefreshControl.m in Sources */,
			);
			runOnlyForDeploymentPostprocessing = 0;
		};
		3F4A23271FF4D1F00055797A /* Sources */ = {
			isa = PBXSourcesBuildPhase;
			buildActionMask = 2147483647;
			files = (
				3F4A23301FF4D1F00055797A /* Vae_ManagerToolsTests.m in Sources */,
			);
			runOnlyForDeploymentPostprocessing = 0;
		};
		3F4A23321FF4D1F00055797A /* Sources */ = {
			isa = PBXSourcesBuildPhase;
			buildActionMask = 2147483647;
			files = (
				3F4A233B1FF4D1F00055797A /* Vae_ManagerToolsUITests.m in Sources */,
			);
			runOnlyForDeploymentPostprocessing = 0;
		};
/* End PBXSourcesBuildPhase section */

/* Begin PBXTargetDependency section */
		3F4A232D1FF4D1F00055797A /* PBXTargetDependency */ = {
			isa = PBXTargetDependency;
			target = 3F4A23121FF4D1F00055797A /* Vae_ManagerTools */;
			targetProxy = 3F4A232C1FF4D1F00055797A /* PBXContainerItemProxy */;
		};
		3F4A23381FF4D1F00055797A /* PBXTargetDependency */ = {
			isa = PBXTargetDependency;
			target = 3F4A23121FF4D1F00055797A /* Vae_ManagerTools */;
			targetProxy = 3F4A23371FF4D1F00055797A /* PBXContainerItemProxy */;
		};
/* End PBXTargetDependency section */

/* Begin PBXVariantGroup section */
		3F4A231C1FF4D1F00055797A /* Main.storyboard */ = {
			isa = PBXVariantGroup;
			children = (
				3F4A231D1FF4D1F00055797A /* Base */,
			);
			name = Main.storyboard;
			sourceTree = "<group>";
		};
		3F4A23211FF4D1F00055797A /* LaunchScreen.storyboard */ = {
			isa = PBXVariantGroup;
			children = (
				3F4A23221FF4D1F00055797A /* Base */,
			);
			name = LaunchScreen.storyboard;
			sourceTree = "<group>";
		};
/* End PBXVariantGroup section */

/* Begin XCBuildConfiguration section */
		3F4A233D1FF4D1F00055797A /* Debug */ = {
			isa = XCBuildConfiguration;
			buildSettings = {
				ALWAYS_SEARCH_USER_PATHS = NO;
				CLANG_ANALYZER_NONNULL = YES;
				CLANG_ANALYZER_NUMBER_OBJECT_CONVERSION = YES_AGGRESSIVE;
				CLANG_CXX_LANGUAGE_STANDARD = "gnu++14";
				CLANG_CXX_LIBRARY = "libc++";
				CLANG_ENABLE_MODULES = YES;
				CLANG_ENABLE_OBJC_ARC = YES;
				CLANG_WARN_BLOCK_CAPTURE_AUTORELEASING = YES;
				CLANG_WARN_BOOL_CONVERSION = YES;
				CLANG_WARN_COMMA = YES;
				CLANG_WARN_CONSTANT_CONVERSION = YES;
				CLANG_WARN_DIRECT_OBJC_ISA_USAGE = YES_ERROR;
				CLANG_WARN_DOCUMENTATION_COMMENTS = YES;
				CLANG_WARN_EMPTY_BODY = YES;
				CLANG_WARN_ENUM_CONVERSION = YES;
				CLANG_WARN_INFINITE_RECURSION = YES;
				CLANG_WARN_INT_CONVERSION = YES;
				CLANG_WARN_NON_LITERAL_NULL_CONVERSION = YES;
				CLANG_WARN_OBJC_LITERAL_CONVERSION = YES;
				CLANG_WARN_OBJC_ROOT_CLASS = YES_ERROR;
				CLANG_WARN_RANGE_LOOP_ANALYSIS = YES;
				CLANG_WARN_STRICT_PROTOTYPES = YES;
				CLANG_WARN_SUSPICIOUS_MOVE = YES;
				CLANG_WARN_UNGUARDED_AVAILABILITY = YES_AGGRESSIVE;
				CLANG_WARN_UNREACHABLE_CODE = YES;
				CLANG_WARN__DUPLICATE_METHOD_MATCH = YES;
				CODE_SIGN_IDENTITY = "iPhone Developer";
				COPY_PHASE_STRIP = NO;
				DEBUG_INFORMATION_FORMAT = dwarf;
				ENABLE_STRICT_OBJC_MSGSEND = YES;
				ENABLE_TESTABILITY = YES;
				GCC_C_LANGUAGE_STANDARD = gnu11;
				GCC_DYNAMIC_NO_PIC = NO;
				GCC_NO_COMMON_BLOCKS = YES;
				GCC_OPTIMIZATION_LEVEL = 0;
				GCC_PREPROCESSOR_DEFINITIONS = (
					"DEBUG=1",
					"$(inherited)",
				);
				GCC_WARN_64_TO_32_BIT_CONVERSION = YES;
				GCC_WARN_ABOUT_RETURN_TYPE = YES_ERROR;
				GCC_WARN_UNDECLARED_SELECTOR = YES;
				GCC_WARN_UNINITIALIZED_AUTOS = YES_AGGRESSIVE;
				GCC_WARN_UNUSED_FUNCTION = YES;
				GCC_WARN_UNUSED_VARIABLE = YES;
				IPHONEOS_DEPLOYMENT_TARGET = 11.1;
				MTL_ENABLE_DEBUG_INFO = YES;
				ONLY_ACTIVE_ARCH = YES;
				SDKROOT = iphoneos;
			};
			name = Debug;
		};
		3F4A233E1FF4D1F00055797A /* Release */ = {
			isa = XCBuildConfiguration;
			buildSettings = {
				ALWAYS_SEARCH_USER_PATHS = NO;
				CLANG_ANALYZER_NONNULL = YES;
				CLANG_ANALYZER_NUMBER_OBJECT_CONVERSION = YES_AGGRESSIVE;
				CLANG_CXX_LANGUAGE_STANDARD = "gnu++14";
				CLANG_CXX_LIBRARY = "libc++";
				CLANG_ENABLE_MODULES = YES;
				CLANG_ENABLE_OBJC_ARC = YES;
				CLANG_WARN_BLOCK_CAPTURE_AUTORELEASING = YES;
				CLANG_WARN_BOOL_CONVERSION = YES;
				CLANG_WARN_COMMA = YES;
				CLANG_WARN_CONSTANT_CONVERSION = YES;
				CLANG_WARN_DIRECT_OBJC_ISA_USAGE = YES_ERROR;
				CLANG_WARN_DOCUMENTATION_COMMENTS = YES;
				CLANG_WARN_EMPTY_BODY = YES;
				CLANG_WARN_ENUM_CONVERSION = YES;
				CLANG_WARN_INFINITE_RECURSION = YES;
				CLANG_WARN_INT_CONVERSION = YES;
				CLANG_WARN_NON_LITERAL_NULL_CONVERSION = YES;
				CLANG_WARN_OBJC_LITERAL_CONVERSION = YES;
				CLANG_WARN_OBJC_ROOT_CLASS = YES_ERROR;
				CLANG_WARN_RANGE_LOOP_ANALYSIS = YES;
				CLANG_WARN_STRICT_PROTOTYPES = YES;
				CLANG_WARN_SUSPICIOUS_MOVE = YES;
				CLANG_WARN_UNGUARDED_AVAILABILITY = YES_AGGRESSIVE;
				CLANG_WARN_UNREACHABLE_CODE = YES;
				CLANG_WARN__DUPLICATE_METHOD_MATCH = YES;
				CODE_SIGN_IDENTITY = "iPhone Developer";
				COPY_PHASE_STRIP = NO;
				DEBUG_INFORMATION_FORMAT = "dwarf-with-dsym";
				ENABLE_NS_ASSERTIONS = NO;
				ENABLE_STRICT_OBJC_MSGSEND = YES;
				GCC_C_LANGUAGE_STANDARD = gnu11;
				GCC_NO_COMMON_BLOCKS = YES;
				GCC_WARN_64_TO_32_BIT_CONVERSION = YES;
				GCC_WARN_ABOUT_RETURN_TYPE = YES_ERROR;
				GCC_WARN_UNDECLARED_SELECTOR = YES;
				GCC_WARN_UNINITIALIZED_AUTOS = YES_AGGRESSIVE;
				GCC_WARN_UNUSED_FUNCTION = YES;
				GCC_WARN_UNUSED_VARIABLE = YES;
				IPHONEOS_DEPLOYMENT_TARGET = 11.1;
				MTL_ENABLE_DEBUG_INFO = NO;
				SDKROOT = iphoneos;
				VALIDATE_PRODUCT = YES;
			};
			name = Release;
		};
		3F4A23401FF4D1F00055797A /* Debug */ = {
			isa = XCBuildConfiguration;
			baseConfigurationReference = ED690B6C5C7DA240A2702BC9 /* Pods-Vae_ManagerTools.debug.xcconfig */;
			buildSettings = {
				ASSETCATALOG_COMPILER_APPICON_NAME = AppIcon;
				ASSETCATALOG_COMPILER_LAUNCHIMAGE_NAME = LaunchImage;
				CODE_SIGN_STYLE = Automatic;
				DEVELOPMENT_TEAM = SHNKV6SWUD;
				ENABLE_BITCODE = NO;
				GCC_PREFIX_HEADER = "$(SRCROOT)/Vae_ManagerTools/Classes/PCH/VaeHeadTool.pch";
				INFOPLIST_FILE = Vae_ManagerTools/Info.plist;
				LD_RUNPATH_SEARCH_PATHS = "$(inherited) @executable_path/Frameworks";
				LIBRARY_SEARCH_PATHS = (
					"$(inherited)",
					"$(PROJECT_DIR)/Vae_ManagerTools/Classes/ThirdParty/CEStreamVoiceManager/AudioRecordTool/SoundRecorder",
				);
				PRODUCT_BUNDLE_IDENTIFIER = "com.iOS.MerchantCatEntertainment.Vae-ManagerTools";
				PRODUCT_NAME = "$(TARGET_NAME)";
				TARGETED_DEVICE_FAMILY = 1;
			};
			name = Debug;
		};
		3F4A23411FF4D1F00055797A /* Release */ = {
			isa = XCBuildConfiguration;
			baseConfigurationReference = 531C41766491EA403EB97E7C /* Pods-Vae_ManagerTools.release.xcconfig */;
			buildSettings = {
				ASSETCATALOG_COMPILER_APPICON_NAME = AppIcon;
				ASSETCATALOG_COMPILER_LAUNCHIMAGE_NAME = LaunchImage;
				CODE_SIGN_STYLE = Automatic;
				DEVELOPMENT_TEAM = SHNKV6SWUD;
				ENABLE_BITCODE = NO;
				GCC_PREFIX_HEADER = "$(SRCROOT)/Vae_ManagerTools/Classes/PCH/VaeHeadTool.pch";
				INFOPLIST_FILE = Vae_ManagerTools/Info.plist;
				LD_RUNPATH_SEARCH_PATHS = "$(inherited) @executable_path/Frameworks";
				LIBRARY_SEARCH_PATHS = (
					"$(inherited)",
					"$(PROJECT_DIR)/Vae_ManagerTools/Classes/ThirdParty/CEStreamVoiceManager/AudioRecordTool/SoundRecorder",
				);
				PRODUCT_BUNDLE_IDENTIFIER = "com.iOS.MerchantCatEntertainment.Vae-ManagerTools";
				PRODUCT_NAME = "$(TARGET_NAME)";
				TARGETED_DEVICE_FAMILY = 1;
			};
			name = Release;
		};
		3F4A23431FF4D1F00055797A /* Debug */ = {
			isa = XCBuildConfiguration;
			buildSettings = {
				BUNDLE_LOADER = "$(TEST_HOST)";
				CODE_SIGN_STYLE = Automatic;
				DEVELOPMENT_TEAM = SHNKV6SWUD;
				INFOPLIST_FILE = Vae_ManagerToolsTests/Info.plist;
				LD_RUNPATH_SEARCH_PATHS = "$(inherited) @executable_path/Frameworks @loader_path/Frameworks";
				PRODUCT_BUNDLE_IDENTIFIER = "com.iOS.MerchantCatEntertainment.Vae-ManagerToolsTests";
				PRODUCT_NAME = "$(TARGET_NAME)";
				TARGETED_DEVICE_FAMILY = "1,2";
				TEST_HOST = "$(BUILT_PRODUCTS_DIR)/Vae_ManagerTools.app/Vae_ManagerTools";
			};
			name = Debug;
		};
		3F4A23441FF4D1F00055797A /* Release */ = {
			isa = XCBuildConfiguration;
			buildSettings = {
				BUNDLE_LOADER = "$(TEST_HOST)";
				CODE_SIGN_STYLE = Automatic;
				DEVELOPMENT_TEAM = SHNKV6SWUD;
				INFOPLIST_FILE = Vae_ManagerToolsTests/Info.plist;
				LD_RUNPATH_SEARCH_PATHS = "$(inherited) @executable_path/Frameworks @loader_path/Frameworks";
				PRODUCT_BUNDLE_IDENTIFIER = "com.iOS.MerchantCatEntertainment.Vae-ManagerToolsTests";
				PRODUCT_NAME = "$(TARGET_NAME)";
				TARGETED_DEVICE_FAMILY = "1,2";
				TEST_HOST = "$(BUILT_PRODUCTS_DIR)/Vae_ManagerTools.app/Vae_ManagerTools";
			};
			name = Release;
		};
		3F4A23461FF4D1F00055797A /* Debug */ = {
			isa = XCBuildConfiguration;
			buildSettings = {
				CODE_SIGN_STYLE = Automatic;
				DEVELOPMENT_TEAM = SHNKV6SWUD;
				INFOPLIST_FILE = Vae_ManagerToolsUITests/Info.plist;
				LD_RUNPATH_SEARCH_PATHS = "$(inherited) @executable_path/Frameworks @loader_path/Frameworks";
				PRODUCT_BUNDLE_IDENTIFIER = "com.iOS.MerchantCatEntertainment.Vae-ManagerToolsUITests";
				PRODUCT_NAME = "$(TARGET_NAME)";
				TARGETED_DEVICE_FAMILY = "1,2";
				TEST_TARGET_NAME = Vae_ManagerTools;
			};
			name = Debug;
		};
		3F4A23471FF4D1F00055797A /* Release */ = {
			isa = XCBuildConfiguration;
			buildSettings = {
				CODE_SIGN_STYLE = Automatic;
				DEVELOPMENT_TEAM = SHNKV6SWUD;
				INFOPLIST_FILE = Vae_ManagerToolsUITests/Info.plist;
				LD_RUNPATH_SEARCH_PATHS = "$(inherited) @executable_path/Frameworks @loader_path/Frameworks";
				PRODUCT_BUNDLE_IDENTIFIER = "com.iOS.MerchantCatEntertainment.Vae-ManagerToolsUITests";
				PRODUCT_NAME = "$(TARGET_NAME)";
				TARGETED_DEVICE_FAMILY = "1,2";
				TEST_TARGET_NAME = Vae_ManagerTools;
			};
			name = Release;
		};
/* End XCBuildConfiguration section */

/* Begin XCConfigurationList section */
		3F4A230E1FF4D1F00055797A /* Build configuration list for PBXProject "Vae_ManagerTools" */ = {
			isa = XCConfigurationList;
			buildConfigurations = (
				3F4A233D1FF4D1F00055797A /* Debug */,
				3F4A233E1FF4D1F00055797A /* Release */,
			);
			defaultConfigurationIsVisible = 0;
			defaultConfigurationName = Release;
		};
		3F4A233F1FF4D1F00055797A /* Build configuration list for PBXNativeTarget "Vae_ManagerTools" */ = {
			isa = XCConfigurationList;
			buildConfigurations = (
				3F4A23401FF4D1F00055797A /* Debug */,
				3F4A23411FF4D1F00055797A /* Release */,
			);
			defaultConfigurationIsVisible = 0;
			defaultConfigurationName = Release;
		};
		3F4A23421FF4D1F00055797A /* Build configuration list for PBXNativeTarget "Vae_ManagerToolsTests" */ = {
			isa = XCConfigurationList;
			buildConfigurations = (
				3F4A23431FF4D1F00055797A /* Debug */,
				3F4A23441FF4D1F00055797A /* Release */,
			);
			defaultConfigurationIsVisible = 0;
			defaultConfigurationName = Release;
		};
		3F4A23451FF4D1F00055797A /* Build configuration list for PBXNativeTarget "Vae_ManagerToolsUITests" */ = {
			isa = XCConfigurationList;
			buildConfigurations = (
				3F4A23461FF4D1F00055797A /* Debug */,
				3F4A23471FF4D1F00055797A /* Release */,
			);
			defaultConfigurationIsVisible = 0;
			defaultConfigurationName = Release;
		};
/* End XCConfigurationList section */
	};
	rootObject = 3F4A230B1FF4D1F00055797A /* Project object */;
}
